
Microsoft Visual Studio Solution File, Format Version 12.00
# Visual Studio Version 17
VisualStudioVersion = 17.1.32319.34
MinimumVisualStudioVersion = 10.0.40219.1
Project("{9A19103F-16F7-4668-BE54-9A1E7A4F7556}") = "PPUPlayer", "PPUPlayer.csproj", "{14D56ED1-75C4-4479-AEF2-CAA392122019}"
EndProject
Project("{8BC9CEB8-8B4A-11D0-8D11-00A0C91BC942}") = "PPUSim", "..\PPUSim\Scripts\VS2022\PPUSim.vcxproj", "{EBD9B3EB-3C04-43ED-B454-E9442B21F5A0}"
EndProject
Project("{8BC9CEB8-8B4A-11D0-8D11-00A0C91BC942}") = "BaseBoardLib", "..\..\Common\BaseBoardLib\Scripts\VS2022\BaseBoardLib.vcxproj", "{36F535AD-B87B-4F4D-A5F9-0F2377FBA7EA}"
EndProject
Project("{8BC9CEB8-8B4A-11D0-8D11-00A0C91BC942}") = "BaseLogicLib", "..\..\Common\BaseLogicLib\Scripts\VS2022\BaseLogicLib.vcxproj", "{11AAD192-46EB-4D5D-B81F-BCEE11D6AF8E}"
EndProject
Project("{8BC9CEB8-8B4A-11D0-8D11-00A0C91BC942}") = "Mappers", "..\..\Mappers\Scripts\VS2022\Mappers.vcxproj", "{1CE1EFD6-4DBF-4D93-AD3A-94C808EA70AB}"
EndProject
Project("{9A19103F-16F7-4668-BE54-9A1E7A4F7556}") = "SharpTools", "..\..\Common\SharpTools\SharpTools.csproj", "{B2D084E3-1957-4FBC-A4D7-729420E77C01}"
EndProject
Project("{8BC9CEB8-8B4A-11D0-8D11-00A0C91BC942}") = "BreaksCore", "..\..\Breaknes\BreaksCore\Scripts\VS2022\BreaksCore.vcxproj", "{88908FB4-0012-4533-BFFB-30AA9F72EBDC}"
EndProject
Project("{8BC9CEB8-8B4A-11D0-8D11-00A0C91BC942}") = "M6502Core", "..\..\Breaks6502\M6502Core\Scripts\VS2022\M6502Core.vcxproj", "{75210C0A-A812-4246-A179-B50D8A25A121}"
EndProject
Project("{2150E333-8FDC-42A3-9474-1A3956D46DE8}") = "Breaks Core", "Breaks Core", "{A8AE6809-CB40-4389-B27B-B767576D0D5C}"
EndProject
Project("{8BC9CEB8-8B4A-11D0-8D11-00A0C91BC942}") = "APUSim", "..\..\BreaksAPU\APUSim\Scripts\VS2022\APUSim.vcxproj", "{50E93D78-36DC-46C3-82EA-CAB373E18729}"
EndProject
Project("{8BC9CEB8-8B4A-11D0-8D11-00A0C91BC942}") = "JsonLib", "..\..\Common\JsonLib\Scripts\VS2022\JsonLib.vcxproj", "{8782459B-4E38-4227-AA98-6E7E8E06659C}"
EndProject
Project("{8BC9CEB8-8B4A-11D0-8D11-00A0C91BC942}") = "IO", "..\..\IO\Scripts\VS2022\IO.vcxproj", "{AC032844-AE3A-4224-B6CE-451C5DBE80B9}"
EndProject
Global
	GlobalSection(SolutionConfigurationPlatforms) = preSolution
		Debug|Any CPU = Debug|Any CPU
		Debug|x64 = Debug|x64
		Debug|x86 = Debug|x86
		Release|Any CPU = Release|Any CPU
		Release|x64 = Release|x64
		Release|x86 = Release|x86
	EndGlobalSection
	GlobalSection(ProjectConfigurationPlatforms) = postSolution
		{14D56ED1-75C4-4479-AEF2-CAA392122019}.Debug|Any CPU.ActiveCfg = Debug|Any CPU
		{14D56ED1-75C4-4479-AEF2-CAA392122019}.Debug|Any CPU.Build.0 = Debug|Any CPU
		{14D56ED1-75C4-4479-AEF2-CAA392122019}.Debug|x64.ActiveCfg = Debug|Any CPU
		{14D56ED1-75C4-4479-AEF2-CAA392122019}.Debug|x64.Build.0 = Debug|Any CPU
		{14D56ED1-75C4-4479-AEF2-CAA392122019}.Debug|x86.ActiveCfg = Debug|Any CPU
		{14D56ED1-75C4-4479-AEF2-CAA392122019}.Debug|x86.Build.0 = Debug|Any CPU
		{14D56ED1-75C4-4479-AEF2-CAA392122019}.Release|Any CPU.ActiveCfg = Release|Any CPU
		{14D56ED1-75C4-4479-AEF2-CAA392122019}.Release|Any CPU.Build.0 = Release|Any CPU
		{14D56ED1-75C4-4479-AEF2-CAA392122019}.Release|x64.ActiveCfg = Release|Any CPU
		{14D56ED1-75C4-4479-AEF2-CAA392122019}.Release|x64.Build.0 = Release|Any CPU
		{14D56ED1-75C4-4479-AEF2-CAA392122019}.Release|x86.ActiveCfg = Release|Any CPU
		{14D56ED1-75C4-4479-AEF2-CAA392122019}.Release|x86.Build.0 = Release|Any CPU
		{EBD9B3EB-3C04-43ED-B454-E9442B21F5A0}.Debug|Any CPU.ActiveCfg = Debug|x64
		{EBD9B3EB-3C04-43ED-B454-E9442B21F5A0}.Debug|Any CPU.Build.0 = Debug|x64
		{EBD9B3EB-3C04-43ED-B454-E9442B21F5A0}.Debug|x64.ActiveCfg = Debug|x64
		{EBD9B3EB-3C04-43ED-B454-E9442B21F5A0}.Debug|x64.Build.0 = Debug|x64
		{EBD9B3EB-3C04-43ED-B454-E9442B21F5A0}.Debug|x86.ActiveCfg = Debug|Win32
		{EBD9B3EB-3C04-43ED-B454-E9442B21F5A0}.Debug|x86.Build.0 = Debug|Win32
		{EBD9B3EB-3C04-43ED-B454-E9442B21F5A0}.Release|Any CPU.ActiveCfg = Release|x64
		{EBD9B3EB-3C04-43ED-B454-E9442B21F5A0}.Release|Any CPU.Build.0 = Release|x64
		{EBD9B3EB-3C04-43ED-B454-E9442B21F5A0}.Release|x64.ActiveCfg = Release|x64
		{EBD9B3EB-3C04-43ED-B454-E9442B21F5A0}.Release|x64.Build.0 = Release|x64
		{EBD9B3EB-3C04-43ED-B454-E9442B21F5A0}.Release|x86.ActiveCfg = Release|Win32
		{EBD9B3EB-3C04-43ED-B454-E9442B21F5A0}.Release|x86.Build.0 = Release|Win32
		{36F535AD-B87B-4F4D-A5F9-0F2377FBA7EA}.Debug|Any CPU.ActiveCfg = Debug|x64
		{36F535AD-B87B-4F4D-A5F9-0F2377FBA7EA}.Debug|Any CPU.Build.0 = Debug|x64
		{36F535AD-B87B-4F4D-A5F9-0F2377FBA7EA}.Debug|x64.ActiveCfg = Debug|x64
		{36F535AD-B87B-4F4D-A5F9-0F2377FBA7EA}.Debug|x64.Build.0 = Debug|x64
		{36F535AD-B87B-4F4D-A5F9-0F2377FBA7EA}.Debug|x86.ActiveCfg = Debug|Win32
		{36F535AD-B87B-4F4D-A5F9-0F2377FBA7EA}.Debug|x86.Build.0 = Debug|Win32
		{36F535AD-B87B-4F4D-A5F9-0F2377FBA7EA}.Release|Any CPU.ActiveCfg = Release|x64
		{36F535AD-B87B-4F4D-A5F9-0F2377FBA7EA}.Release|Any CPU.Build.0 = Release|x64
		{36F535AD-B87B-4F4D-A5F9-0F2377FBA7EA}.Release|x64.ActiveCfg = Release|x64
		{36F535AD-B87B-4F4D-A5F9-0F2377FBA7EA}.Release|x64.Build.0 = Release|x64
		{36F535AD-B87B-4F4D-A5F9-0F2377FBA7EA}.Release|x86.ActiveCfg = Release|Win32
		{36F535AD-B87B-4F4D-A5F9-0F2377FBA7EA}.Release|x86.Build.0 = Release|Win32
		{11AAD192-46EB-4D5D-B81F-BCEE11D6AF8E}.Debug|Any CPU.ActiveCfg = Debug|x64
		{11AAD192-46EB-4D5D-B81F-BCEE11D6AF8E}.Debug|Any CPU.Build.0 = Debug|x64
		{11AAD192-46EB-4D5D-B81F-BCEE11D6AF8E}.Debug|x64.ActiveCfg = Debug|x64
		{11AAD192-46EB-4D5D-B81F-BCEE11D6AF8E}.Debug|x64.Build.0 = Debug|x64
		{11AAD192-46EB-4D5D-B81F-BCEE11D6AF8E}.Debug|x86.ActiveCfg = Debug|Win32
		{11AAD192-46EB-4D5D-B81F-BCEE11D6AF8E}.Debug|x86.Build.0 = Debug|Win32
		{11AAD192-46EB-4D5D-B81F-BCEE11D6AF8E}.Release|Any CPU.ActiveCfg = Release|x64
		{11AAD192-46EB-4D5D-B81F-BCEE11D6AF8E}.Release|Any CPU.Build.0 = Release|x64
		{11AAD192-46EB-4D5D-B81F-BCEE11D6AF8E}.Release|x64.ActiveCfg = Release|x64
		{11AAD192-46EB-4D5D-B81F-BCEE11D6AF8E}.Release|x64.Build.0 = Release|x64
		{11AAD192-46EB-4D5D-B81F-BCEE11D6AF8E}.Release|x86.ActiveCfg = Release|Win32
		{11AAD192-46EB-4D5D-B81F-BCEE11D6AF8E}.Release|x86.Build.0 = Release|Win32
		{1CE1EFD6-4DBF-4D93-AD3A-94C808EA70AB}.Debug|Any CPU.ActiveCfg = Debug|x64
		{1CE1EFD6-4DBF-4D93-AD3A-94C808EA70AB}.Debug|Any CPU.Build.0 = Debug|x64
		{1CE1EFD6-4DBF-4D93-AD3A-94C808EA70AB}.Debug|x64.ActiveCfg = Debug|x64
		{1CE1EFD6-4DBF-4D93-AD3A-94C808EA70AB}.Debug|x64.Build.0 = Debug|x64
		{1CE1EFD6-4DBF-4D93-AD3A-94C808EA70AB}.Debug|x86.ActiveCfg = Debug|Win32
		{1CE1EFD6-4DBF-4D93-AD3A-94C808EA70AB}.Debug|x86.Build.0 = Debug|Win32
		{1CE1EFD6-4DBF-4D93-AD3A-94C808EA70AB}.Release|Any CPU.ActiveCfg = Release|x64
		{1CE1EFD6-4DBF-4D93-AD3A-94C808EA70AB}.Release|Any CPU.Build.0 = Release|x64
		{1CE1EFD6-4DBF-4D93-AD3A-94C808EA70AB}.Release|x64.ActiveCfg = Release|x64
		{1CE1EFD6-4DBF-4D93-AD3A-94C808EA70AB}.Release|x64.Build.0 = Release|x64
		{1CE1EFD6-4DBF-4D93-AD3A-94C808EA70AB}.Release|x86.ActiveCfg = Release|Win32
		{1CE1EFD6-4DBF-4D93-AD3A-94C808EA70AB}.Release|x86.Build.0 = Release|Win32
		{B2D084E3-1957-4FBC-A4D7-729420E77C01}.Debug|Any CPU.ActiveCfg = Debug|Any CPU
		{B2D084E3-1957-4FBC-A4D7-729420E77C01}.Debug|Any CPU.Build.0 = Debug|Any CPU
		{B2D084E3-1957-4FBC-A4D7-729420E77C01}.Debug|x64.ActiveCfg = Debug|Any CPU
		{B2D084E3-1957-4FBC-A4D7-729420E77C01}.Debug|x64.Build.0 = Debug|Any CPU
		{B2D084E3-1957-4FBC-A4D7-729420E77C01}.Debug|x86.ActiveCfg = Debug|Any CPU
		{B2D084E3-1957-4FBC-A4D7-729420E77C01}.Debug|x86.Build.0 = Debug|Any CPU
		{B2D084E3-1957-4FBC-A4D7-729420E77C01}.Release|Any CPU.ActiveCfg = Release|Any CPU
		{B2D084E3-1957-4FBC-A4D7-729420E77C01}.Release|Any CPU.Build.0 = Release|Any CPU
		{B2D084E3-1957-4FBC-A4D7-729420E77C01}.Release|x64.ActiveCfg = Release|Any CPU
		{B2D084E3-1957-4FBC-A4D7-729420E77C01}.Release|x64.Build.0 = Release|Any CPU
		{B2D084E3-1957-4FBC-A4D7-729420E77C01}.Release|x86.ActiveCfg = Release|Any CPU
		{B2D084E3-1957-4FBC-A4D7-729420E77C01}.Release|x86.Build.0 = Release|Any CPU
		{88908FB4-0012-4533-BFFB-30AA9F72EBDC}.Debug|Any CPU.ActiveCfg = Debug|x64
		{88908FB4-0012-4533-BFFB-30AA9F72EBDC}.Debug|Any CPU.Build.0 = Debug|x64
		{88908FB4-0012-4533-BFFB-30AA9F72EBDC}.Debug|x64.ActiveCfg = Debug|x64
		{88908FB4-0012-4533-BFFB-30AA9F72EBDC}.Debug|x64.Build.0 = Debug|x64
		{88908FB4-0012-4533-BFFB-30AA9F72EBDC}.Debug|x86.ActiveCfg = Debug|Win32
		{88908FB4-0012-4533-BFFB-30AA9F72EBDC}.Debug|x86.Build.0 = Debug|Win32
		{88908FB4-0012-4533-BFFB-30AA9F72EBDC}.Release|Any CPU.ActiveCfg = Release|x64
		{88908FB4-0012-4533-BFFB-30AA9F72EBDC}.Release|Any CPU.Build.0 = Release|x64
		{88908FB4-0012-4533-BFFB-30AA9F72EBDC}.Release|x64.ActiveCfg = Release|x64
		{88908FB4-0012-4533-BFFB-30AA9F72EBDC}.Release|x64.Build.0 = Release|x64
		{88908FB4-0012-4533-BFFB-30AA9F72EBDC}.Release|x86.ActiveCfg = Release|Win32
		{88908FB4-0012-4533-BFFB-30AA9F72EBDC}.Release|x86.Build.0 = Release|Win32
		{75210C0A-A812-4246-A179-B50D8A25A121}.Debug|Any CPU.ActiveCfg = Debug|x64
		{75210C0A-A812-4246-A179-B50D8A25A121}.Debug|Any CPU.Build.0 = Debug|x64
		{75210C0A-A812-4246-A179-B50D8A25A121}.Debug|x64.ActiveCfg = Debug|x64
		{75210C0A-A812-4246-A179-B50D8A25A121}.Debug|x64.Build.0 = Debug|x64
		{75210C0A-A812-4246-A179-B50D8A25A121}.Debug|x86.ActiveCfg = Debug|Win32
		{75210C0A-A812-4246-A179-B50D8A25A121}.Debug|x86.Build.0 = Debug|Win32
		{75210C0A-A812-4246-A179-B50D8A25A121}.Release|Any CPU.ActiveCfg = Release|x64
		{75210C0A-A812-4246-A179-B50D8A25A121}.Release|Any CPU.Build.0 = Release|x64
		{75210C0A-A812-4246-A179-B50D8A25A121}.Release|x64.ActiveCfg = Release|x64
		{75210C0A-A812-4246-A179-B50D8A25A121}.Release|x64.Build.0 = Release|x64
		{75210C0A-A812-4246-A179-B50D8A25A121}.Release|x86.ActiveCfg = Release|Win32
		{75210C0A-A812-4246-A179-B50D8A25A121}.Release|x86.Build.0 = Release|Win32
		{50E93D78-36DC-46C3-82EA-CAB373E18729}.Debug|Any CPU.ActiveCfg = Debug|x64
		{50E93D78-36DC-46C3-82EA-CAB373E18729}.Debug|Any CPU.Build.0 = Debug|x64
		{50E93D78-36DC-46C3-82EA-CAB373E18729}.Debug|x64.ActiveCfg = Debug|x64
		{50E93D78-36DC-46C3-82EA-CAB373E18729}.Debug|x64.Build.0 = Debug|x64
		{50E93D78-36DC-46C3-82EA-CAB373E18729}.Debug|x86.ActiveCfg = Debug|Win32
		{50E93D78-36DC-46C3-82EA-CAB373E18729}.Debug|x86.Build.0 = Debug|Win32
		{50E93D78-36DC-46C3-82EA-CAB373E18729}.Release|Any CPU.ActiveCfg = Release|x64
		{50E93D78-36DC-46C3-82EA-CAB373E18729}.Release|Any CPU.Build.0 = Release|x64
		{50E93D78-36DC-46C3-82EA-CAB373E18729}.Release|x64.ActiveCfg = Release|x64
		{50E93D78-36DC-46C3-82EA-CAB373E18729}.Release|x64.Build.0 = Release|x64
		{50E93D78-36DC-46C3-82EA-CAB373E18729}.Release|x86.ActiveCfg = Release|Win32
		{50E93D78-36DC-46C3-82EA-CAB373E18729}.Release|x86.Build.0 = Release|Win32
		{8782459B-4E38-4227-AA98-6E7E8E06659C}.Debug|Any CPU.ActiveCfg = Debug|x64
		{8782459B-4E38-4227-AA98-6E7E8E06659C}.Debug|Any CPU.Build.0 = Debug|x64
		{8782459B-4E38-4227-AA98-6E7E8E06659C}.Debug|x64.ActiveCfg = Debug|x64
		{8782459B-4E38-4227-AA98-6E7E8E06659C}.Debug|x64.Build.0 = Debug|x64
		{8782459B-4E38-4227-AA98-6E7E8E06659C}.Debug|x86.ActiveCfg = Debug|Win32
		{8782459B-4E38-4227-AA98-6E7E8E06659C}.Debug|x86.Build.0 = Debug|Win32
		{8782459B-4E38-4227-AA98-6E7E8E06659C}.Release|Any CPU.ActiveCfg = Release|x64
		{8782459B-4E38-4227-AA98-6E7E8E06659C}.Release|Any CPU.Build.0 = Release|x64
		{8782459B-4E38-4227-AA98-6E7E8E06659C}.Release|x64.ActiveCfg = Release|x64
		{8782459B-4E38-4227-AA98-6E7E8E06659C}.Release|x64.Build.0 = Release|x64
		{8782459B-4E38-4227-AA98-6E7E8E06659C}.Release|x86.ActiveCfg = Release|Win32
		{8782459B-4E38-4227-AA98-6E7E8E06659C}.Release|x86.Build.0 = Release|Win32
		{AC032844-AE3A-4224-B6CE-451C5DBE80B9}.Debug|Any CPU.ActiveCfg = Debug|x64
		{AC032844-AE3A-4224-B6CE-451C5DBE80B9}.Debug|Any CPU.Build.0 = Debug|x64
		{AC032844-AE3A-4224-B6CE-451C5DBE80B9}.Debug|x64.ActiveCfg = Debug|x64
		{AC032844-AE3A-4224-B6CE-451C5DBE80B9}.Debug|x64.Build.0 = Debug|x64
		{AC032844-AE3A-4224-B6CE-451C5DBE80B9}.Debug|x86.ActiveCfg = Debug|Win32
		{AC032844-AE3A-4224-B6CE-451C5DBE80B9}.Debug|x86.Build.0 = Debug|Win32
		{AC032844-AE3A-4224-B6CE-451C5DBE80B9}.Release|Any CPU.ActiveCfg = Release|x64
		{AC032844-AE3A-4224-B6CE-451C5DBE80B9}.Release|Any CPU.Build.0 = Release|x64
		{AC032844-AE3A-4224-B6CE-451C5DBE80B9}.Release|x64.ActiveCfg = Release|x64
		{AC032844-AE3A-4224-B6CE-451C5DBE80B9}.Release|x64.Build.0 = Release|x64
		{AC032844-AE3A-4224-B6CE-451C5DBE80B9}.Release|x86.ActiveCfg = Release|Win32
		{AC032844-AE3A-4224-B6CE-451C5DBE80B9}.Release|x86.Build.0 = Release|Win32
	EndGlobalSection
	GlobalSection(SolutionProperties) = preSolution
		HideSolutionNode = FALSE
	EndGlobalSection
	GlobalSection(NestedProjects) = preSolution
		{EBD9B3EB-3C04-43ED-B454-E9442B21F5A0} = {A8AE6809-CB40-4389-B27B-B767576D0D5C}
		{36F535AD-B87B-4F4D-A5F9-0F2377FBA7EA} = {A8AE6809-CB40-4389-B27B-B767576D0D5C}
		{11AAD192-46EB-4D5D-B81F-BCEE11D6AF8E} = {A8AE6809-CB40-4389-B27B-B767576D0D5C}
		{1CE1EFD6-4DBF-4D93-AD3A-94C808EA70AB} = {A8AE6809-CB40-4389-B27B-B767576D0D5C}
		{88908FB4-0012-4533-BFFB-30AA9F72EBDC} = {A8AE6809-CB40-4389-B27B-B767576D0D5C}
		{75210C0A-A812-4246-A179-B50D8A25A121} = {A8AE6809-CB40-4389-B27B-B767576D0D5C}
		{50E93D78-36DC-46C3-82EA-CAB373E18729} = {A8AE6809-CB40-4389-B27B-B767576D0D5C}
		{8782459B-4E38-4227-AA98-6E7E8E06659C} = {A8AE6809-CB40-4389-B27B-B767576D0D5C}
		{AC032844-AE3A-4224-B6CE-451C5DBE80B9} = {A8AE6809-CB40-4389-B27B-B767576D0D5C}
	EndGlobalSection
	GlobalSection(ExtensibilityGlobals) = postSolution
		SolutionGuid = {A48B28DB-236C-44AE-B50A-ECDD87DFEBFC}
	EndGlobalSection
EndGlobal
