
Microsoft Visual Studio Solution File, Format Version 12.00
# Visual Studio Version 17
VisualStudioVersion = 17.4.33403.182
MinimumVisualStudioVersion = 10.0.40219.1
Project("{8BC9CEB8-8B4A-11D0-8D11-00A0C91BC942}") = "BreaknesSDL", "BreaknesSDL.vcxproj", "{43C0FD2D-84AB-4C21-B41E-349166D49CEC}"
EndProject
Project("{2150E333-8FDC-42A3-9474-1A3956D46DE8}") = "Breaks Core", "Breaks Core", "{7A75B02C-E654-42AF-A485-F9D54A197569}"
EndProject
Project("{8BC9CEB8-8B4A-11D0-8D11-00A0C91BC942}") = "BaseLogicLib", "..\..\Common\BaseLogicLib\Scripts\VS2022\BaseLogicLib.vcxproj", "{11AAD192-46EB-4D5D-B81F-BCEE11D6AF8E}"
EndProject
Project("{8BC9CEB8-8B4A-11D0-8D11-00A0C91BC942}") = "BaseBoardLib", "..\..\Common\BaseBoardLib\Scripts\VS2022\BaseBoardLib.vcxproj", "{36F535AD-B87B-4F4D-A5F9-0F2377FBA7EA}"
EndProject
Project("{8BC9CEB8-8B4A-11D0-8D11-00A0C91BC942}") = "Mappers", "..\..\Mappers\Scripts\VS2022\Mappers.vcxproj", "{1CE1EFD6-4DBF-4D93-AD3A-94C808EA70AB}"
EndProject
Project("{8BC9CEB8-8B4A-11D0-8D11-00A0C91BC942}") = "M6502Core", "..\..\Chips\M6502Core\Scripts\VS2022\M6502Core.vcxproj", "{75210C0A-A812-4246-A179-B50D8A25A121}"
EndProject
Project("{8BC9CEB8-8B4A-11D0-8D11-00A0C91BC942}") = "APUSim", "..\..\Chips\APUSim\Scripts\VS2022\APUSim.vcxproj", "{50E93D78-36DC-46C3-82EA-CAB373E18729}"
EndProject
Project("{8BC9CEB8-8B4A-11D0-8D11-00A0C91BC942}") = "PPUSim", "..\..\Chips\PPUSim\Scripts\VS2022\PPUSim.vcxproj", "{EBD9B3EB-3C04-43ED-B454-E9442B21F5A0}"
EndProject
Project("{8BC9CEB8-8B4A-11D0-8D11-00A0C91BC942}") = "BreaksCoreStatic", "..\BreaksCore\Scripts\VS2022\BreaksCoreStatic.vcxproj", "{59610324-CE90-474C-89F1-8A998C52B346}"
EndProject
Project("{8BC9CEB8-8B4A-11D0-8D11-00A0C91BC942}") = "IO", "..\..\IO\Scripts\VS2022\IO.vcxproj", "{AC032844-AE3A-4224-B6CE-451C5DBE80B9}"
EndProject
Global
	GlobalSection(SolutionConfigurationPlatforms) = preSolution
		Debug|x64 = Debug|x64
		Debug|x86 = Debug|x86
		Release|x64 = Release|x64
		Release|x86 = Release|x86
	EndGlobalSection
	GlobalSection(ProjectConfigurationPlatforms) = postSolution
		{43C0FD2D-84AB-4C21-B41E-349166D49CEC}.Debug|x64.ActiveCfg = Debug|x64
		{43C0FD2D-84AB-4C21-B41E-349166D49CEC}.Debug|x64.Build.0 = Debug|x64
		{43C0FD2D-84AB-4C21-B41E-349166D49CEC}.Debug|x86.ActiveCfg = Debug|Win32
		{43C0FD2D-84AB-4C21-B41E-349166D49CEC}.Debug|x86.Build.0 = Debug|Win32
		{43C0FD2D-84AB-4C21-B41E-349166D49CEC}.Release|x64.ActiveCfg = Release|x64
		{43C0FD2D-84AB-4C21-B41E-349166D49CEC}.Release|x64.Build.0 = Release|x64
		{43C0FD2D-84AB-4C21-B41E-349166D49CEC}.Release|x86.ActiveCfg = Release|Win32
		{43C0FD2D-84AB-4C21-B41E-349166D49CEC}.Release|x86.Build.0 = Release|Win32
		{11AAD192-46EB-4D5D-B81F-BCEE11D6AF8E}.Debug|x64.ActiveCfg = Debug|x64
		{11AAD192-46EB-4D5D-B81F-BCEE11D6AF8E}.Debug|x64.Build.0 = Debug|x64
		{11AAD192-46EB-4D5D-B81F-BCEE11D6AF8E}.Debug|x86.ActiveCfg = Debug|Win32
		{11AAD192-46EB-4D5D-B81F-BCEE11D6AF8E}.Debug|x86.Build.0 = Debug|Win32
		{11AAD192-46EB-4D5D-B81F-BCEE11D6AF8E}.Release|x64.ActiveCfg = Release|x64
		{11AAD192-46EB-4D5D-B81F-BCEE11D6AF8E}.Release|x64.Build.0 = Release|x64
		{11AAD192-46EB-4D5D-B81F-BCEE11D6AF8E}.Release|x86.ActiveCfg = Release|Win32
		{11AAD192-46EB-4D5D-B81F-BCEE11D6AF8E}.Release|x86.Build.0 = Release|Win32
		{36F535AD-B87B-4F4D-A5F9-0F2377FBA7EA}.Debug|x64.ActiveCfg = Debug|x64
		{36F535AD-B87B-4F4D-A5F9-0F2377FBA7EA}.Debug|x64.Build.0 = Debug|x64
		{36F535AD-B87B-4F4D-A5F9-0F2377FBA7EA}.Debug|x86.ActiveCfg = Debug|Win32
		{36F535AD-B87B-4F4D-A5F9-0F2377FBA7EA}.Debug|x86.Build.0 = Debug|Win32
		{36F535AD-B87B-4F4D-A5F9-0F2377FBA7EA}.Release|x64.ActiveCfg = Release|x64
		{36F535AD-B87B-4F4D-A5F9-0F2377FBA7EA}.Release|x64.Build.0 = Release|x64
		{36F535AD-B87B-4F4D-A5F9-0F2377FBA7EA}.Release|x86.ActiveCfg = Release|Win32
		{36F535AD-B87B-4F4D-A5F9-0F2377FBA7EA}.Release|x86.Build.0 = Release|Win32
		{1CE1EFD6-4DBF-4D93-AD3A-94C808EA70AB}.Debug|x64.ActiveCfg = Debug|x64
		{1CE1EFD6-4DBF-4D93-AD3A-94C808EA70AB}.Debug|x64.Build.0 = Debug|x64
		{1CE1EFD6-4DBF-4D93-AD3A-94C808EA70AB}.Debug|x86.ActiveCfg = Debug|Win32
		{1CE1EFD6-4DBF-4D93-AD3A-94C808EA70AB}.Debug|x86.Build.0 = Debug|Win32
		{1CE1EFD6-4DBF-4D93-AD3A-94C808EA70AB}.Release|x64.ActiveCfg = Release|x64
		{1CE1EFD6-4DBF-4D93-AD3A-94C808EA70AB}.Release|x64.Build.0 = Release|x64
		{1CE1EFD6-4DBF-4D93-AD3A-94C808EA70AB}.Release|x86.ActiveCfg = Release|Win32
		{1CE1EFD6-4DBF-4D93-AD3A-94C808EA70AB}.Release|x86.Build.0 = Release|Win32
		{75210C0A-A812-4246-A179-B50D8A25A121}.Debug|x64.ActiveCfg = Debug|x64
		{75210C0A-A812-4246-A179-B50D8A25A121}.Debug|x64.Build.0 = Debug|x64
		{75210C0A-A812-4246-A179-B50D8A25A121}.Debug|x86.ActiveCfg = Debug|Win32
		{75210C0A-A812-4246-A179-B50D8A25A121}.Debug|x86.Build.0 = Debug|Win32
		{75210C0A-A812-4246-A179-B50D8A25A121}.Release|x64.ActiveCfg = Release|x64
		{75210C0A-A812-4246-A179-B50D8A25A121}.Release|x64.Build.0 = Release|x64
		{75210C0A-A812-4246-A179-B50D8A25A121}.Release|x86.ActiveCfg = Release|Win32
		{75210C0A-A812-4246-A179-B50D8A25A121}.Release|x86.Build.0 = Release|Win32
		{50E93D78-36DC-46C3-82EA-CAB373E18729}.Debug|x64.ActiveCfg = Debug|x64
		{50E93D78-36DC-46C3-82EA-CAB373E18729}.Debug|x64.Build.0 = Debug|x64
		{50E93D78-36DC-46C3-82EA-CAB373E18729}.Debug|x86.ActiveCfg = Debug|Win32
		{50E93D78-36DC-46C3-82EA-CAB373E18729}.Debug|x86.Build.0 = Debug|Win32
		{50E93D78-36DC-46C3-82EA-CAB373E18729}.Release|x64.ActiveCfg = Release|x64
		{50E93D78-36DC-46C3-82EA-CAB373E18729}.Release|x64.Build.0 = Release|x64
		{50E93D78-36DC-46C3-82EA-CAB373E18729}.Release|x86.ActiveCfg = Release|Win32
		{50E93D78-36DC-46C3-82EA-CAB373E18729}.Release|x86.Build.0 = Release|Win32
		{EBD9B3EB-3C04-43ED-B454-E9442B21F5A0}.Debug|x64.ActiveCfg = Debug|x64
		{EBD9B3EB-3C04-43ED-B454-E9442B21F5A0}.Debug|x64.Build.0 = Debug|x64
		{EBD9B3EB-3C04-43ED-B454-E9442B21F5A0}.Debug|x86.ActiveCfg = Debug|Win32
		{EBD9B3EB-3C04-43ED-B454-E9442B21F5A0}.Debug|x86.Build.0 = Debug|Win32
		{EBD9B3EB-3C04-43ED-B454-E9442B21F5A0}.Release|x64.ActiveCfg = Release|x64
		{EBD9B3EB-3C04-43ED-B454-E9442B21F5A0}.Release|x64.Build.0 = Release|x64
		{EBD9B3EB-3C04-43ED-B454-E9442B21F5A0}.Release|x86.ActiveCfg = Release|Win32
		{EBD9B3EB-3C04-43ED-B454-E9442B21F5A0}.Release|x86.Build.0 = Release|Win32
		{59610324-CE90-474C-89F1-8A998C52B346}.Debug|x64.ActiveCfg = Debug|x64
		{59610324-CE90-474C-89F1-8A998C52B346}.Debug|x64.Build.0 = Debug|x64
		{59610324-CE90-474C-89F1-8A998C52B346}.Debug|x86.ActiveCfg = Debug|Win32
		{59610324-CE90-474C-89F1-8A998C52B346}.Debug|x86.Build.0 = Debug|Win32
		{59610324-CE90-474C-89F1-8A998C52B346}.Release|x64.ActiveCfg = Release|x64
		{59610324-CE90-474C-89F1-8A998C52B346}.Release|x64.Build.0 = Release|x64
		{59610324-CE90-474C-89F1-8A998C52B346}.Release|x86.ActiveCfg = Release|Win32
		{59610324-CE90-474C-89F1-8A998C52B346}.Release|x86.Build.0 = Release|Win32
		{AC032844-AE3A-4224-B6CE-451C5DBE80B9}.Debug|x64.ActiveCfg = Debug|x64
		{AC032844-AE3A-4224-B6CE-451C5DBE80B9}.Debug|x64.Build.0 = Debug|x64
		{AC032844-AE3A-4224-B6CE-451C5DBE80B9}.Debug|x86.ActiveCfg = Debug|Win32
		{AC032844-AE3A-4224-B6CE-451C5DBE80B9}.Debug|x86.Build.0 = Debug|Win32
		{AC032844-AE3A-4224-B6CE-451C5DBE80B9}.Release|x64.ActiveCfg = Release|x64
		{AC032844-AE3A-4224-B6CE-451C5DBE80B9}.Release|x64.Build.0 = Release|x64
		{AC032844-AE3A-4224-B6CE-451C5DBE80B9}.Release|x86.ActiveCfg = Release|Win32
		{AC032844-AE3A-4224-B6CE-451C5DBE80B9}.Release|x86.Build.0 = Release|Win32
	EndGlobalSection
	GlobalSection(SolutionProperties) = preSolution
		HideSolutionNode = FALSE
	EndGlobalSection
	GlobalSection(NestedProjects) = preSolution
		{11AAD192-46EB-4D5D-B81F-BCEE11D6AF8E} = {7A75B02C-E654-42AF-A485-F9D54A197569}
		{36F535AD-B87B-4F4D-A5F9-0F2377FBA7EA} = {7A75B02C-E654-42AF-A485-F9D54A197569}
		{1CE1EFD6-4DBF-4D93-AD3A-94C808EA70AB} = {7A75B02C-E654-42AF-A485-F9D54A197569}
		{75210C0A-A812-4246-A179-B50D8A25A121} = {7A75B02C-E654-42AF-A485-F9D54A197569}
		{50E93D78-36DC-46C3-82EA-CAB373E18729} = {7A75B02C-E654-42AF-A485-F9D54A197569}
		{EBD9B3EB-3C04-43ED-B454-E9442B21F5A0} = {7A75B02C-E654-42AF-A485-F9D54A197569}
		{59610324-CE90-474C-89F1-8A998C52B346} = {7A75B02C-E654-42AF-A485-F9D54A197569}
		{AC032844-AE3A-4224-B6CE-451C5DBE80B9} = {7A75B02C-E654-42AF-A485-F9D54A197569}
	EndGlobalSection
	GlobalSection(ExtensibilityGlobals) = postSolution
		SolutionGuid = {D0DD6CA2-F80B-4634-A195-71078F37DCB5}
	EndGlobalSection
EndGlobal
