
Microsoft Visual Studio Solution File, Format Version 12.00
# Visual Studio Version 17
VisualStudioVersion = 17.1.32319.34
MinimumVisualStudioVersion = 10.0.40219.1
Project("{9A19103F-16F7-4668-BE54-9A1E7A4F7556}") = "BreaksDebug", "BreaksDebug.csproj", "{F609D0B4-2EB2-491C-BE8F-E2B5D65ECDA4}"
EndProject
Project("{8BC9CEB8-8B4A-11D0-8D11-00A0C91BC942}") = "M6502Core", "..\M6502Core\Scripts\VS2022\M6502Core.vcxproj", "{75210C0A-A812-4246-A179-B50D8A25A121}"
EndProject
Project("{8BC9CEB8-8B4A-11D0-8D11-00A0C91BC942}") = "BaseLogicLib", "..\..\Common\BaseLogicLib\Scripts\VS2022\BaseLogicLib.vcxproj", "{11AAD192-46EB-4D5D-B81F-BCEE11D6AF8E}"
EndProject
Project("{9A19103F-16F7-4668-BE54-9A1E7A4F7556}") = "SharpTools", "..\..\Common\SharpTools\SharpTools.csproj", "{B63A28E1-5C32-4164-934A-F163BD7589A3}"
EndProject
Project("{8BC9CEB8-8B4A-11D0-8D11-00A0C91BC942}") = "BreaksCore", "..\..\Breaknes\BreaksCore\Scripts\VS2022\BreaksCore.vcxproj", "{88908FB4-0012-4533-BFFB-30AA9F72EBDC}"
EndProject
Project("{8BC9CEB8-8B4A-11D0-8D11-00A0C91BC942}") = "PPUSim", "..\..\BreaksPPU\PPUSim\Scripts\VS2022\PPUSim.vcxproj", "{EBD9B3EB-3C04-43ED-B454-E9442B21F5A0}"
EndProject
Project("{8BC9CEB8-8B4A-11D0-8D11-00A0C91BC942}") = "JsonLib", "..\..\Common\JsonLib\Scripts\VS2022\JsonLib.vcxproj", "{8782459B-4E38-4227-AA98-6E7E8E06659C}"
EndProject
Project("{8BC9CEB8-8B4A-11D0-8D11-00A0C91BC942}") = "DebugHub", "..\..\Common\DebugHub\Scripts\VS2022\DebugHub.vcxproj", "{27B4EF20-6DF4-4A3B-9436-9C07AD24EF98}"
EndProject
Project("{8BC9CEB8-8B4A-11D0-8D11-00A0C91BC942}") = "Mappers", "..\..\Mappers\Scripts\VS2022\Mappers.vcxproj", "{1CE1EFD6-4DBF-4D93-AD3A-94C808EA70AB}"
EndProject
Project("{8BC9CEB8-8B4A-11D0-8D11-00A0C91BC942}") = "BaseBoardLib", "..\..\Common\BaseBoardLib\Scripts\VS2022\BaseBoardLib.vcxproj", "{36F535AD-B87B-4F4D-A5F9-0F2377FBA7EA}"
EndProject
Project("{8BC9CEB8-8B4A-11D0-8D11-00A0C91BC942}") = "APUSim", "..\..\BreaksAPU\APUSim\Scripts\VS2022\APUSim.vcxproj", "{50E93D78-36DC-46C3-82EA-CAB373E18729}"
EndProject
Project("{2150E333-8FDC-42A3-9474-1A3956D46DE8}") = "BreaksCore Libs", "BreaksCore Libs", "{E71BE94D-A2B9-4175-B510-261ACD5576A7}"
EndProject
Global
	GlobalSection(SolutionConfigurationPlatforms) = preSolution
		Debug|Any CPU = Debug|Any CPU
		Debug|x64 = Debug|x64
		Debug|x86 = Debug|x86
		Release|Any CPU = Release|Any CPU
		Release|x64 = Release|x64
		Release|x86 = Release|x86
	EndGlobalSection
	GlobalSection(ProjectConfigurationPlatforms) = postSolution
		{F609D0B4-2EB2-491C-BE8F-E2B5D65ECDA4}.Debug|Any CPU.ActiveCfg = Debug|Any CPU
		{F609D0B4-2EB2-491C-BE8F-E2B5D65ECDA4}.Debug|Any CPU.Build.0 = Debug|Any CPU
		{F609D0B4-2EB2-491C-BE8F-E2B5D65ECDA4}.Debug|x64.ActiveCfg = Debug|Any CPU
		{F609D0B4-2EB2-491C-BE8F-E2B5D65ECDA4}.Debug|x64.Build.0 = Debug|Any CPU
		{F609D0B4-2EB2-491C-BE8F-E2B5D65ECDA4}.Debug|x86.ActiveCfg = Debug|x86
		{F609D0B4-2EB2-491C-BE8F-E2B5D65ECDA4}.Debug|x86.Build.0 = Debug|x86
		{F609D0B4-2EB2-491C-BE8F-E2B5D65ECDA4}.Release|Any CPU.ActiveCfg = Release|Any CPU
		{F609D0B4-2EB2-491C-BE8F-E2B5D65ECDA4}.Release|Any CPU.Build.0 = Release|Any CPU
		{F609D0B4-2EB2-491C-BE8F-E2B5D65ECDA4}.Release|x64.ActiveCfg = Release|Any CPU
		{F609D0B4-2EB2-491C-BE8F-E2B5D65ECDA4}.Release|x64.Build.0 = Release|Any CPU
		{F609D0B4-2EB2-491C-BE8F-E2B5D65ECDA4}.Release|x86.ActiveCfg = Release|x86
		{F609D0B4-2EB2-491C-BE8F-E2B5D65ECDA4}.Release|x86.Build.0 = Release|x86
		{75210C0A-A812-4246-A179-B50D8A25A121}.Debug|Any CPU.ActiveCfg = Debug|x64
		{75210C0A-A812-4246-A179-B50D8A25A121}.Debug|Any CPU.Build.0 = Debug|x64
		{75210C0A-A812-4246-A179-B50D8A25A121}.Debug|x64.ActiveCfg = Debug|x64
		{75210C0A-A812-4246-A179-B50D8A25A121}.Debug|x64.Build.0 = Debug|x64
		{75210C0A-A812-4246-A179-B50D8A25A121}.Debug|x86.ActiveCfg = Debug|Win32
		{75210C0A-A812-4246-A179-B50D8A25A121}.Debug|x86.Build.0 = Debug|Win32
		{75210C0A-A812-4246-A179-B50D8A25A121}.Release|Any CPU.ActiveCfg = Release|x64
		{75210C0A-A812-4246-A179-B50D8A25A121}.Release|Any CPU.Build.0 = Release|x64
		{75210C0A-A812-4246-A179-B50D8A25A121}.Release|x64.ActiveCfg = Release|x64
		{75210C0A-A812-4246-A179-B50D8A25A121}.Release|x64.Build.0 = Release|x64
		{75210C0A-A812-4246-A179-B50D8A25A121}.Release|x86.ActiveCfg = Release|Win32
		{75210C0A-A812-4246-A179-B50D8A25A121}.Release|x86.Build.0 = Release|Win32
		{11AAD192-46EB-4D5D-B81F-BCEE11D6AF8E}.Debug|Any CPU.ActiveCfg = Debug|x64
		{11AAD192-46EB-4D5D-B81F-BCEE11D6AF8E}.Debug|Any CPU.Build.0 = Debug|x64
		{11AAD192-46EB-4D5D-B81F-BCEE11D6AF8E}.Debug|x64.ActiveCfg = Debug|x64
		{11AAD192-46EB-4D5D-B81F-BCEE11D6AF8E}.Debug|x64.Build.0 = Debug|x64
		{11AAD192-46EB-4D5D-B81F-BCEE11D6AF8E}.Debug|x86.ActiveCfg = Debug|Win32
		{11AAD192-46EB-4D5D-B81F-BCEE11D6AF8E}.Debug|x86.Build.0 = Debug|Win32
		{11AAD192-46EB-4D5D-B81F-BCEE11D6AF8E}.Release|Any CPU.ActiveCfg = Release|x64
		{11AAD192-46EB-4D5D-B81F-BCEE11D6AF8E}.Release|Any CPU.Build.0 = Release|x64
		{11AAD192-46EB-4D5D-B81F-BCEE11D6AF8E}.Release|x64.ActiveCfg = Release|x64
		{11AAD192-46EB-4D5D-B81F-BCEE11D6AF8E}.Release|x64.Build.0 = Release|x64
		{11AAD192-46EB-4D5D-B81F-BCEE11D6AF8E}.Release|x86.ActiveCfg = Release|Win32
		{11AAD192-46EB-4D5D-B81F-BCEE11D6AF8E}.Release|x86.Build.0 = Release|Win32
		{B63A28E1-5C32-4164-934A-F163BD7589A3}.Debug|Any CPU.ActiveCfg = Debug|Any CPU
		{B63A28E1-5C32-4164-934A-F163BD7589A3}.Debug|Any CPU.Build.0 = Debug|Any CPU
		{B63A28E1-5C32-4164-934A-F163BD7589A3}.Debug|x64.ActiveCfg = Debug|Any CPU
		{B63A28E1-5C32-4164-934A-F163BD7589A3}.Debug|x64.Build.0 = Debug|Any CPU
		{B63A28E1-5C32-4164-934A-F163BD7589A3}.Debug|x86.ActiveCfg = Debug|Any CPU
		{B63A28E1-5C32-4164-934A-F163BD7589A3}.Debug|x86.Build.0 = Debug|Any CPU
		{B63A28E1-5C32-4164-934A-F163BD7589A3}.Release|Any CPU.ActiveCfg = Release|Any CPU
		{B63A28E1-5C32-4164-934A-F163BD7589A3}.Release|Any CPU.Build.0 = Release|Any CPU
		{B63A28E1-5C32-4164-934A-F163BD7589A3}.Release|x64.ActiveCfg = Release|Any CPU
		{B63A28E1-5C32-4164-934A-F163BD7589A3}.Release|x64.Build.0 = Release|Any CPU
		{B63A28E1-5C32-4164-934A-F163BD7589A3}.Release|x86.ActiveCfg = Release|Any CPU
		{B63A28E1-5C32-4164-934A-F163BD7589A3}.Release|x86.Build.0 = Release|Any CPU
		{88908FB4-0012-4533-BFFB-30AA9F72EBDC}.Debug|Any CPU.ActiveCfg = Debug|x64
		{88908FB4-0012-4533-BFFB-30AA9F72EBDC}.Debug|Any CPU.Build.0 = Debug|x64
		{88908FB4-0012-4533-BFFB-30AA9F72EBDC}.Debug|x64.ActiveCfg = Debug|x64
		{88908FB4-0012-4533-BFFB-30AA9F72EBDC}.Debug|x64.Build.0 = Debug|x64
		{88908FB4-0012-4533-BFFB-30AA9F72EBDC}.Debug|x86.ActiveCfg = Debug|Win32
		{88908FB4-0012-4533-BFFB-30AA9F72EBDC}.Debug|x86.Build.0 = Debug|Win32
		{88908FB4-0012-4533-BFFB-30AA9F72EBDC}.Release|Any CPU.ActiveCfg = Release|x64
		{88908FB4-0012-4533-BFFB-30AA9F72EBDC}.Release|Any CPU.Build.0 = Release|x64
		{88908FB4-0012-4533-BFFB-30AA9F72EBDC}.Release|x64.ActiveCfg = Release|x64
		{88908FB4-0012-4533-BFFB-30AA9F72EBDC}.Release|x64.Build.0 = Release|x64
		{88908FB4-0012-4533-BFFB-30AA9F72EBDC}.Release|x86.ActiveCfg = Release|Win32
		{88908FB4-0012-4533-BFFB-30AA9F72EBDC}.Release|x86.Build.0 = Release|Win32
		{EBD9B3EB-3C04-43ED-B454-E9442B21F5A0}.Debug|Any CPU.ActiveCfg = Debug|x64
		{EBD9B3EB-3C04-43ED-B454-E9442B21F5A0}.Debug|Any CPU.Build.0 = Debug|x64
		{EBD9B3EB-3C04-43ED-B454-E9442B21F5A0}.Debug|x64.ActiveCfg = Debug|x64
		{EBD9B3EB-3C04-43ED-B454-E9442B21F5A0}.Debug|x64.Build.0 = Debug|x64
		{EBD9B3EB-3C04-43ED-B454-E9442B21F5A0}.Debug|x86.ActiveCfg = Debug|Win32
		{EBD9B3EB-3C04-43ED-B454-E9442B21F5A0}.Debug|x86.Build.0 = Debug|Win32
		{EBD9B3EB-3C04-43ED-B454-E9442B21F5A0}.Release|Any CPU.ActiveCfg = Release|x64
		{EBD9B3EB-3C04-43ED-B454-E9442B21F5A0}.Release|Any CPU.Build.0 = Release|x64
		{EBD9B3EB-3C04-43ED-B454-E9442B21F5A0}.Release|x64.ActiveCfg = Release|x64
		{EBD9B3EB-3C04-43ED-B454-E9442B21F5A0}.Release|x64.Build.0 = Release|x64
		{EBD9B3EB-3C04-43ED-B454-E9442B21F5A0}.Release|x86.ActiveCfg = Release|Win32
		{EBD9B3EB-3C04-43ED-B454-E9442B21F5A0}.Release|x86.Build.0 = Release|Win32
		{8782459B-4E38-4227-AA98-6E7E8E06659C}.Debug|Any CPU.ActiveCfg = Debug|x64
		{8782459B-4E38-4227-AA98-6E7E8E06659C}.Debug|Any CPU.Build.0 = Debug|x64
		{8782459B-4E38-4227-AA98-6E7E8E06659C}.Debug|x64.ActiveCfg = Debug|x64
		{8782459B-4E38-4227-AA98-6E7E8E06659C}.Debug|x64.Build.0 = Debug|x64
		{8782459B-4E38-4227-AA98-6E7E8E06659C}.Debug|x86.ActiveCfg = Debug|Win32
		{8782459B-4E38-4227-AA98-6E7E8E06659C}.Debug|x86.Build.0 = Debug|Win32
		{8782459B-4E38-4227-AA98-6E7E8E06659C}.Release|Any CPU.ActiveCfg = Release|x64
		{8782459B-4E38-4227-AA98-6E7E8E06659C}.Release|Any CPU.Build.0 = Release|x64
		{8782459B-4E38-4227-AA98-6E7E8E06659C}.Release|x64.ActiveCfg = Release|x64
		{8782459B-4E38-4227-AA98-6E7E8E06659C}.Release|x64.Build.0 = Release|x64
		{8782459B-4E38-4227-AA98-6E7E8E06659C}.Release|x86.ActiveCfg = Release|Win32
		{8782459B-4E38-4227-AA98-6E7E8E06659C}.Release|x86.Build.0 = Release|Win32
		{27B4EF20-6DF4-4A3B-9436-9C07AD24EF98}.Debug|Any CPU.ActiveCfg = Debug|x64
		{27B4EF20-6DF4-4A3B-9436-9C07AD24EF98}.Debug|Any CPU.Build.0 = Debug|x64
		{27B4EF20-6DF4-4A3B-9436-9C07AD24EF98}.Debug|x64.ActiveCfg = Debug|x64
		{27B4EF20-6DF4-4A3B-9436-9C07AD24EF98}.Debug|x64.Build.0 = Debug|x64
		{27B4EF20-6DF4-4A3B-9436-9C07AD24EF98}.Debug|x86.ActiveCfg = Debug|Win32
		{27B4EF20-6DF4-4A3B-9436-9C07AD24EF98}.Debug|x86.Build.0 = Debug|Win32
		{27B4EF20-6DF4-4A3B-9436-9C07AD24EF98}.Release|Any CPU.ActiveCfg = Release|x64
		{27B4EF20-6DF4-4A3B-9436-9C07AD24EF98}.Release|Any CPU.Build.0 = Release|x64
		{27B4EF20-6DF4-4A3B-9436-9C07AD24EF98}.Release|x64.ActiveCfg = Release|x64
		{27B4EF20-6DF4-4A3B-9436-9C07AD24EF98}.Release|x64.Build.0 = Release|x64
		{27B4EF20-6DF4-4A3B-9436-9C07AD24EF98}.Release|x86.ActiveCfg = Release|Win32
		{27B4EF20-6DF4-4A3B-9436-9C07AD24EF98}.Release|x86.Build.0 = Release|Win32
		{1CE1EFD6-4DBF-4D93-AD3A-94C808EA70AB}.Debug|Any CPU.ActiveCfg = Debug|x64
		{1CE1EFD6-4DBF-4D93-AD3A-94C808EA70AB}.Debug|Any CPU.Build.0 = Debug|x64
		{1CE1EFD6-4DBF-4D93-AD3A-94C808EA70AB}.Debug|x64.ActiveCfg = Debug|x64
		{1CE1EFD6-4DBF-4D93-AD3A-94C808EA70AB}.Debug|x64.Build.0 = Debug|x64
		{1CE1EFD6-4DBF-4D93-AD3A-94C808EA70AB}.Debug|x86.ActiveCfg = Debug|Win32
		{1CE1EFD6-4DBF-4D93-AD3A-94C808EA70AB}.Debug|x86.Build.0 = Debug|Win32
		{1CE1EFD6-4DBF-4D93-AD3A-94C808EA70AB}.Release|Any CPU.ActiveCfg = Release|x64
		{1CE1EFD6-4DBF-4D93-AD3A-94C808EA70AB}.Release|Any CPU.Build.0 = Release|x64
		{1CE1EFD6-4DBF-4D93-AD3A-94C808EA70AB}.Release|x64.ActiveCfg = Release|x64
		{1CE1EFD6-4DBF-4D93-AD3A-94C808EA70AB}.Release|x64.Build.0 = Release|x64
		{1CE1EFD6-4DBF-4D93-AD3A-94C808EA70AB}.Release|x86.ActiveCfg = Release|Win32
		{1CE1EFD6-4DBF-4D93-AD3A-94C808EA70AB}.Release|x86.Build.0 = Release|Win32
		{36F535AD-B87B-4F4D-A5F9-0F2377FBA7EA}.Debug|Any CPU.ActiveCfg = Debug|x64
		{36F535AD-B87B-4F4D-A5F9-0F2377FBA7EA}.Debug|Any CPU.Build.0 = Debug|x64
		{36F535AD-B87B-4F4D-A5F9-0F2377FBA7EA}.Debug|x64.ActiveCfg = Debug|x64
		{36F535AD-B87B-4F4D-A5F9-0F2377FBA7EA}.Debug|x64.Build.0 = Debug|x64
		{36F535AD-B87B-4F4D-A5F9-0F2377FBA7EA}.Debug|x86.ActiveCfg = Debug|Win32
		{36F535AD-B87B-4F4D-A5F9-0F2377FBA7EA}.Debug|x86.Build.0 = Debug|Win32
		{36F535AD-B87B-4F4D-A5F9-0F2377FBA7EA}.Release|Any CPU.ActiveCfg = Release|x64
		{36F535AD-B87B-4F4D-A5F9-0F2377FBA7EA}.Release|Any CPU.Build.0 = Release|x64
		{36F535AD-B87B-4F4D-A5F9-0F2377FBA7EA}.Release|x64.ActiveCfg = Release|x64
		{36F535AD-B87B-4F4D-A5F9-0F2377FBA7EA}.Release|x64.Build.0 = Release|x64
		{36F535AD-B87B-4F4D-A5F9-0F2377FBA7EA}.Release|x86.ActiveCfg = Release|Win32
		{36F535AD-B87B-4F4D-A5F9-0F2377FBA7EA}.Release|x86.Build.0 = Release|Win32
		{50E93D78-36DC-46C3-82EA-CAB373E18729}.Debug|Any CPU.ActiveCfg = Debug|x64
		{50E93D78-36DC-46C3-82EA-CAB373E18729}.Debug|Any CPU.Build.0 = Debug|x64
		{50E93D78-36DC-46C3-82EA-CAB373E18729}.Debug|x64.ActiveCfg = Debug|x64
		{50E93D78-36DC-46C3-82EA-CAB373E18729}.Debug|x64.Build.0 = Debug|x64
		{50E93D78-36DC-46C3-82EA-CAB373E18729}.Debug|x86.ActiveCfg = Debug|Win32
		{50E93D78-36DC-46C3-82EA-CAB373E18729}.Debug|x86.Build.0 = Debug|Win32
		{50E93D78-36DC-46C3-82EA-CAB373E18729}.Release|Any CPU.ActiveCfg = Release|x64
		{50E93D78-36DC-46C3-82EA-CAB373E18729}.Release|Any CPU.Build.0 = Release|x64
		{50E93D78-36DC-46C3-82EA-CAB373E18729}.Release|x64.ActiveCfg = Release|x64
		{50E93D78-36DC-46C3-82EA-CAB373E18729}.Release|x64.Build.0 = Release|x64
		{50E93D78-36DC-46C3-82EA-CAB373E18729}.Release|x86.ActiveCfg = Release|Win32
		{50E93D78-36DC-46C3-82EA-CAB373E18729}.Release|x86.Build.0 = Release|Win32
	EndGlobalSection
	GlobalSection(SolutionProperties) = preSolution
		HideSolutionNode = FALSE
	EndGlobalSection
	GlobalSection(NestedProjects) = preSolution
		{75210C0A-A812-4246-A179-B50D8A25A121} = {E71BE94D-A2B9-4175-B510-261ACD5576A7}
		{11AAD192-46EB-4D5D-B81F-BCEE11D6AF8E} = {E71BE94D-A2B9-4175-B510-261ACD5576A7}
		{88908FB4-0012-4533-BFFB-30AA9F72EBDC} = {E71BE94D-A2B9-4175-B510-261ACD5576A7}
		{EBD9B3EB-3C04-43ED-B454-E9442B21F5A0} = {E71BE94D-A2B9-4175-B510-261ACD5576A7}
		{8782459B-4E38-4227-AA98-6E7E8E06659C} = {E71BE94D-A2B9-4175-B510-261ACD5576A7}
		{27B4EF20-6DF4-4A3B-9436-9C07AD24EF98} = {E71BE94D-A2B9-4175-B510-261ACD5576A7}
		{1CE1EFD6-4DBF-4D93-AD3A-94C808EA70AB} = {E71BE94D-A2B9-4175-B510-261ACD5576A7}
		{36F535AD-B87B-4F4D-A5F9-0F2377FBA7EA} = {E71BE94D-A2B9-4175-B510-261ACD5576A7}
		{50E93D78-36DC-46C3-82EA-CAB373E18729} = {E71BE94D-A2B9-4175-B510-261ACD5576A7}
	EndGlobalSection
	GlobalSection(ExtensibilityGlobals) = postSolution
		SolutionGuid = {4B4B2C49-76AF-4CC4-9E62-E4BBC7BB74DB}
	EndGlobalSection
EndGlobal
