
Microsoft Visual Studio Solution File, Format Version 12.00
# Visual Studio Version 17
VisualStudioVersion = 17.1.32319.34
MinimumVisualStudioVersion = 10.0.40219.1
Project("{9A19103F-16F7-4668-BE54-9A1E7A4F7556}") = "NSFPlayer", "NSFPlayer.csproj", "{C0BA31B5-492F-414E-9E81-2E3C75C2A173}"
EndProject
Project("{8BC9CEB8-8B4A-11D0-8D11-00A0C91BC942}") = "BaseLogicLib", "..\..\Common\BaseLogicLib\Scripts\VS2022\BaseLogicLib.vcxproj", "{11AAD192-46EB-4D5D-B81F-BCEE11D6AF8E}"
EndProject
Project("{8BC9CEB8-8B4A-11D0-8D11-00A0C91BC942}") = "APUSim", "..\APUSim\Scripts\VS2022\APUSim.vcxproj", "{50E93D78-36DC-46C3-82EA-CAB373E18729}"
EndProject
Project("{8BC9CEB8-8B4A-11D0-8D11-00A0C91BC942}") = "NSFPlayerInterop", "..\NSFPlayerInterop\NSFPlayerInterop.vcxproj", "{1CD4C5BA-4FE5-447E-8D0D-8A45F634D5C7}"
EndProject
Global
	GlobalSection(SolutionConfigurationPlatforms) = preSolution
		Debug|Any CPU = Debug|Any CPU
		Debug|x64 = Debug|x64
		Debug|x86 = Debug|x86
		Release|Any CPU = Release|Any CPU
		Release|x64 = Release|x64
		Release|x86 = Release|x86
	EndGlobalSection
	GlobalSection(ProjectConfigurationPlatforms) = postSolution
		{C0BA31B5-492F-414E-9E81-2E3C75C2A173}.Debug|Any CPU.ActiveCfg = Debug|Any CPU
		{C0BA31B5-492F-414E-9E81-2E3C75C2A173}.Debug|Any CPU.Build.0 = Debug|Any CPU
		{C0BA31B5-492F-414E-9E81-2E3C75C2A173}.Debug|x64.ActiveCfg = Debug|Any CPU
		{C0BA31B5-492F-414E-9E81-2E3C75C2A173}.Debug|x64.Build.0 = Debug|Any CPU
		{C0BA31B5-492F-414E-9E81-2E3C75C2A173}.Debug|x86.ActiveCfg = Debug|Any CPU
		{C0BA31B5-492F-414E-9E81-2E3C75C2A173}.Debug|x86.Build.0 = Debug|Any CPU
		{C0BA31B5-492F-414E-9E81-2E3C75C2A173}.Release|Any CPU.ActiveCfg = Release|Any CPU
		{C0BA31B5-492F-414E-9E81-2E3C75C2A173}.Release|Any CPU.Build.0 = Release|Any CPU
		{C0BA31B5-492F-414E-9E81-2E3C75C2A173}.Release|x64.ActiveCfg = Release|Any CPU
		{C0BA31B5-492F-414E-9E81-2E3C75C2A173}.Release|x64.Build.0 = Release|Any CPU
		{C0BA31B5-492F-414E-9E81-2E3C75C2A173}.Release|x86.ActiveCfg = Release|Any CPU
		{C0BA31B5-492F-414E-9E81-2E3C75C2A173}.Release|x86.Build.0 = Release|Any CPU
		{11AAD192-46EB-4D5D-B81F-BCEE11D6AF8E}.Debug|Any CPU.ActiveCfg = Debug|x64
		{11AAD192-46EB-4D5D-B81F-BCEE11D6AF8E}.Debug|Any CPU.Build.0 = Debug|x64
		{11AAD192-46EB-4D5D-B81F-BCEE11D6AF8E}.Debug|x64.ActiveCfg = Debug|x64
		{11AAD192-46EB-4D5D-B81F-BCEE11D6AF8E}.Debug|x64.Build.0 = Debug|x64
		{11AAD192-46EB-4D5D-B81F-BCEE11D6AF8E}.Debug|x86.ActiveCfg = Debug|Win32
		{11AAD192-46EB-4D5D-B81F-BCEE11D6AF8E}.Debug|x86.Build.0 = Debug|Win32
		{11AAD192-46EB-4D5D-B81F-BCEE11D6AF8E}.Release|Any CPU.ActiveCfg = Release|x64
		{11AAD192-46EB-4D5D-B81F-BCEE11D6AF8E}.Release|Any CPU.Build.0 = Release|x64
		{11AAD192-46EB-4D5D-B81F-BCEE11D6AF8E}.Release|x64.ActiveCfg = Release|x64
		{11AAD192-46EB-4D5D-B81F-BCEE11D6AF8E}.Release|x64.Build.0 = Release|x64
		{11AAD192-46EB-4D5D-B81F-BCEE11D6AF8E}.Release|x86.ActiveCfg = Release|Win32
		{11AAD192-46EB-4D5D-B81F-BCEE11D6AF8E}.Release|x86.Build.0 = Release|Win32
		{50E93D78-36DC-46C3-82EA-CAB373E18729}.Debug|Any CPU.ActiveCfg = Debug|x64
		{50E93D78-36DC-46C3-82EA-CAB373E18729}.Debug|Any CPU.Build.0 = Debug|x64
		{50E93D78-36DC-46C3-82EA-CAB373E18729}.Debug|x64.ActiveCfg = Debug|x64
		{50E93D78-36DC-46C3-82EA-CAB373E18729}.Debug|x64.Build.0 = Debug|x64
		{50E93D78-36DC-46C3-82EA-CAB373E18729}.Debug|x86.ActiveCfg = Debug|Win32
		{50E93D78-36DC-46C3-82EA-CAB373E18729}.Debug|x86.Build.0 = Debug|Win32
		{50E93D78-36DC-46C3-82EA-CAB373E18729}.Release|Any CPU.ActiveCfg = Release|x64
		{50E93D78-36DC-46C3-82EA-CAB373E18729}.Release|Any CPU.Build.0 = Release|x64
		{50E93D78-36DC-46C3-82EA-CAB373E18729}.Release|x64.ActiveCfg = Release|x64
		{50E93D78-36DC-46C3-82EA-CAB373E18729}.Release|x64.Build.0 = Release|x64
		{50E93D78-36DC-46C3-82EA-CAB373E18729}.Release|x86.ActiveCfg = Release|Win32
		{50E93D78-36DC-46C3-82EA-CAB373E18729}.Release|x86.Build.0 = Release|Win32
		{1CD4C5BA-4FE5-447E-8D0D-8A45F634D5C7}.Debug|Any CPU.ActiveCfg = Debug|x64
		{1CD4C5BA-4FE5-447E-8D0D-8A45F634D5C7}.Debug|Any CPU.Build.0 = Debug|x64
		{1CD4C5BA-4FE5-447E-8D0D-8A45F634D5C7}.Debug|x64.ActiveCfg = Debug|x64
		{1CD4C5BA-4FE5-447E-8D0D-8A45F634D5C7}.Debug|x64.Build.0 = Debug|x64
		{1CD4C5BA-4FE5-447E-8D0D-8A45F634D5C7}.Debug|x86.ActiveCfg = Debug|Win32
		{1CD4C5BA-4FE5-447E-8D0D-8A45F634D5C7}.Debug|x86.Build.0 = Debug|Win32
		{1CD4C5BA-4FE5-447E-8D0D-8A45F634D5C7}.Release|Any CPU.ActiveCfg = Release|x64
		{1CD4C5BA-4FE5-447E-8D0D-8A45F634D5C7}.Release|Any CPU.Build.0 = Release|x64
		{1CD4C5BA-4FE5-447E-8D0D-8A45F634D5C7}.Release|x64.ActiveCfg = Release|x64
		{1CD4C5BA-4FE5-447E-8D0D-8A45F634D5C7}.Release|x64.Build.0 = Release|x64
		{1CD4C5BA-4FE5-447E-8D0D-8A45F634D5C7}.Release|x86.ActiveCfg = Release|Win32
		{1CD4C5BA-4FE5-447E-8D0D-8A45F634D5C7}.Release|x86.Build.0 = Release|Win32
	EndGlobalSection
	GlobalSection(SolutionProperties) = preSolution
		HideSolutionNode = FALSE
	EndGlobalSection
	GlobalSection(ExtensibilityGlobals) = postSolution
		SolutionGuid = {5B62E8D7-5BEE-4068-827E-8328066A75DA}
	EndGlobalSection
EndGlobal
