
Microsoft Visual Studio Solution File, Format Version 12.00
# Visual Studio Version 17
VisualStudioVersion = 17.1.32210.238
MinimumVisualStudioVersion = 10.0.40219.1
Project("{9A19103F-16F7-4668-BE54-9A1E7A4F7556}") = "Breaknes", "Breaknes.csproj", "{B52F1B9C-BFEE-4DF2-8407-42919BA44B8A}"
EndProject
Project("{8BC9CEB8-8B4A-11D0-8D11-00A0C91BC942}") = "BreaksCore", "..\BreaksCore\Scripts\VS2022\BreaksCore.vcxproj", "{88908FB4-0012-4533-BFFB-30AA9F72EBDC}"
EndProject
Project("{8BC9CEB8-8B4A-11D0-8D11-00A0C91BC942}") = "M6502Core", "..\..\Chips\M6502Core\Scripts\VS2022\M6502Core.vcxproj", "{75210C0A-A812-4246-A179-B50D8A25A121}"
EndProject
Project("{8BC9CEB8-8B4A-11D0-8D11-00A0C91BC942}") = "PPUSim", "..\..\Chips\PPUSim\Scripts\VS2022\PPUSim.vcxproj", "{EBD9B3EB-3C04-43ED-B454-E9442B21F5A0}"
EndProject
Project("{8BC9CEB8-8B4A-11D0-8D11-00A0C91BC942}") = "APUSim", "..\..\Chips\APUSim\Scripts\VS2022\APUSim.vcxproj", "{50E93D78-36DC-46C3-82EA-CAB373E18729}"
EndProject
Project("{2150E333-8FDC-42A3-9474-1A3956D46DE8}") = "Breaks Core", "Breaks Core", "{F7FC065C-EBE2-4648-9BD4-79B660C14322}"
EndProject
Project("{8BC9CEB8-8B4A-11D0-8D11-00A0C91BC942}") = "BaseBoardLib", "..\..\Common\BaseBoardLib\Scripts\VS2022\BaseBoardLib.vcxproj", "{36F535AD-B87B-4F4D-A5F9-0F2377FBA7EA}"
EndProject
Project("{8BC9CEB8-8B4A-11D0-8D11-00A0C91BC942}") = "BaseLogicLib", "..\..\Common\BaseLogicLib\Scripts\VS2022\BaseLogicLib.vcxproj", "{11AAD192-46EB-4D5D-B81F-BCEE11D6AF8E}"
EndProject
Project("{8BC9CEB8-8B4A-11D0-8D11-00A0C91BC942}") = "Mappers", "..\..\Mappers\Scripts\VS2022\Mappers.vcxproj", "{1CE1EFD6-4DBF-4D93-AD3A-94C808EA70AB}"
EndProject
Project("{9A19103F-16F7-4668-BE54-9A1E7A4F7556}") = "SharpTools", "..\..\Common\SharpTools\SharpTools.csproj", "{0749AE5B-4EFC-437C-ACAA-4FA252F98E26}"
EndProject
Project("{8BC9CEB8-8B4A-11D0-8D11-00A0C91BC942}") = "IO", "..\..\IO\Scripts\VS2022\IO.vcxproj", "{AC032844-AE3A-4224-B6CE-451C5DBE80B9}"
EndProject
Global
	GlobalSection(SolutionConfigurationPlatforms) = preSolution
		Debug|Any CPU = Debug|Any CPU
		Debug|x64 = Debug|x64
		Debug|x86 = Debug|x86
		Release|Any CPU = Release|Any CPU
		Release|x64 = Release|x64
		Release|x86 = Release|x86
	EndGlobalSection
	GlobalSection(ProjectConfigurationPlatforms) = postSolution
		{B52F1B9C-BFEE-4DF2-8407-42919BA44B8A}.Debug|Any CPU.ActiveCfg = Debug|Any CPU
		{B52F1B9C-BFEE-4DF2-8407-42919BA44B8A}.Debug|Any CPU.Build.0 = Debug|Any CPU
		{B52F1B9C-BFEE-4DF2-8407-42919BA44B8A}.Debug|x64.ActiveCfg = Debug|x64
		{B52F1B9C-BFEE-4DF2-8407-42919BA44B8A}.Debug|x64.Build.0 = Debug|x64
		{B52F1B9C-BFEE-4DF2-8407-42919BA44B8A}.Debug|x86.ActiveCfg = Debug|Any CPU
		{B52F1B9C-BFEE-4DF2-8407-42919BA44B8A}.Debug|x86.Build.0 = Debug|Any CPU
		{B52F1B9C-BFEE-4DF2-8407-42919BA44B8A}.Release|Any CPU.ActiveCfg = Release|Any CPU
		{B52F1B9C-BFEE-4DF2-8407-42919BA44B8A}.Release|Any CPU.Build.0 = Release|Any CPU
		{B52F1B9C-BFEE-4DF2-8407-42919BA44B8A}.Release|x64.ActiveCfg = Release|x64
		{B52F1B9C-BFEE-4DF2-8407-42919BA44B8A}.Release|x64.Build.0 = Release|x64
		{B52F1B9C-BFEE-4DF2-8407-42919BA44B8A}.Release|x86.ActiveCfg = Release|Any CPU
		{B52F1B9C-BFEE-4DF2-8407-42919BA44B8A}.Release|x86.Build.0 = Release|Any CPU
		{88908FB4-0012-4533-BFFB-30AA9F72EBDC}.Debug|Any CPU.ActiveCfg = Debug|x64
		{88908FB4-0012-4533-BFFB-30AA9F72EBDC}.Debug|Any CPU.Build.0 = Debug|x64
		{88908FB4-0012-4533-BFFB-30AA9F72EBDC}.Debug|x64.ActiveCfg = Debug|x64
		{88908FB4-0012-4533-BFFB-30AA9F72EBDC}.Debug|x64.Build.0 = Debug|x64
		{88908FB4-0012-4533-BFFB-30AA9F72EBDC}.Debug|x86.ActiveCfg = Debug|Win32
		{88908FB4-0012-4533-BFFB-30AA9F72EBDC}.Debug|x86.Build.0 = Debug|Win32
		{88908FB4-0012-4533-BFFB-30AA9F72EBDC}.Release|Any CPU.ActiveCfg = Release|x64
		{88908FB4-0012-4533-BFFB-30AA9F72EBDC}.Release|Any CPU.Build.0 = Release|x64
		{88908FB4-0012-4533-BFFB-30AA9F72EBDC}.Release|x64.ActiveCfg = Release|x64
		{88908FB4-0012-4533-BFFB-30AA9F72EBDC}.Release|x64.Build.0 = Release|x64
		{88908FB4-0012-4533-BFFB-30AA9F72EBDC}.Release|x86.ActiveCfg = Release|Win32
		{88908FB4-0012-4533-BFFB-30AA9F72EBDC}.Release|x86.Build.0 = Release|Win32
		{75210C0A-A812-4246-A179-B50D8A25A121}.Debug|Any CPU.ActiveCfg = Debug|x64
		{75210C0A-A812-4246-A179-B50D8A25A121}.Debug|Any CPU.Build.0 = Debug|x64
		{75210C0A-A812-4246-A179-B50D8A25A121}.Debug|x64.ActiveCfg = Debug|x64
		{75210C0A-A812-4246-A179-B50D8A25A121}.Debug|x64.Build.0 = Debug|x64
		{75210C0A-A812-4246-A179-B50D8A25A121}.Debug|x86.ActiveCfg = Debug|Win32
		{75210C0A-A812-4246-A179-B50D8A25A121}.Debug|x86.Build.0 = Debug|Win32
		{75210C0A-A812-4246-A179-B50D8A25A121}.Release|Any CPU.ActiveCfg = Release|x64
		{75210C0A-A812-4246-A179-B50D8A25A121}.Release|Any CPU.Build.0 = Release|x64
		{75210C0A-A812-4246-A179-B50D8A25A121}.Release|x64.ActiveCfg = Release|x64
		{75210C0A-A812-4246-A179-B50D8A25A121}.Release|x64.Build.0 = Release|x64
		{75210C0A-A812-4246-A179-B50D8A25A121}.Release|x86.ActiveCfg = Release|Win32
		{75210C0A-A812-4246-A179-B50D8A25A121}.Release|x86.Build.0 = Release|Win32
		{EBD9B3EB-3C04-43ED-B454-E9442B21F5A0}.Debug|Any CPU.ActiveCfg = Debug|x64
		{EBD9B3EB-3C04-43ED-B454-E9442B21F5A0}.Debug|Any CPU.Build.0 = Debug|x64
		{EBD9B3EB-3C04-43ED-B454-E9442B21F5A0}.Debug|x64.ActiveCfg = Debug|x64
		{EBD9B3EB-3C04-43ED-B454-E9442B21F5A0}.Debug|x64.Build.0 = Debug|x64
		{EBD9B3EB-3C04-43ED-B454-E9442B21F5A0}.Debug|x86.ActiveCfg = Debug|Win32
		{EBD9B3EB-3C04-43ED-B454-E9442B21F5A0}.Debug|x86.Build.0 = Debug|Win32
		{EBD9B3EB-3C04-43ED-B454-E9442B21F5A0}.Release|Any CPU.ActiveCfg = Release|x64
		{EBD9B3EB-3C04-43ED-B454-E9442B21F5A0}.Release|Any CPU.Build.0 = Release|x64
		{EBD9B3EB-3C04-43ED-B454-E9442B21F5A0}.Release|x64.ActiveCfg = Release|x64
		{EBD9B3EB-3C04-43ED-B454-E9442B21F5A0}.Release|x64.Build.0 = Release|x64
		{EBD9B3EB-3C04-43ED-B454-E9442B21F5A0}.Release|x86.ActiveCfg = Release|Win32
		{EBD9B3EB-3C04-43ED-B454-E9442B21F5A0}.Release|x86.Build.0 = Release|Win32
		{50E93D78-36DC-46C3-82EA-CAB373E18729}.Debug|Any CPU.ActiveCfg = Debug|x64
		{50E93D78-36DC-46C3-82EA-CAB373E18729}.Debug|Any CPU.Build.0 = Debug|x64
		{50E93D78-36DC-46C3-82EA-CAB373E18729}.Debug|x64.ActiveCfg = Debug|x64
		{50E93D78-36DC-46C3-82EA-CAB373E18729}.Debug|x64.Build.0 = Debug|x64
		{50E93D78-36DC-46C3-82EA-CAB373E18729}.Debug|x86.ActiveCfg = Debug|Win32
		{50E93D78-36DC-46C3-82EA-CAB373E18729}.Debug|x86.Build.0 = Debug|Win32
		{50E93D78-36DC-46C3-82EA-CAB373E18729}.Release|Any CPU.ActiveCfg = Release|x64
		{50E93D78-36DC-46C3-82EA-CAB373E18729}.Release|Any CPU.Build.0 = Release|x64
		{50E93D78-36DC-46C3-82EA-CAB373E18729}.Release|x64.ActiveCfg = Release|x64
		{50E93D78-36DC-46C3-82EA-CAB373E18729}.Release|x64.Build.0 = Release|x64
		{50E93D78-36DC-46C3-82EA-CAB373E18729}.Release|x86.ActiveCfg = Release|Win32
		{50E93D78-36DC-46C3-82EA-CAB373E18729}.Release|x86.Build.0 = Release|Win32
		{36F535AD-B87B-4F4D-A5F9-0F2377FBA7EA}.Debug|Any CPU.ActiveCfg = Debug|x64
		{36F535AD-B87B-4F4D-A5F9-0F2377FBA7EA}.Debug|Any CPU.Build.0 = Debug|x64
		{36F535AD-B87B-4F4D-A5F9-0F2377FBA7EA}.Debug|x64.ActiveCfg = Debug|x64
		{36F535AD-B87B-4F4D-A5F9-0F2377FBA7EA}.Debug|x64.Build.0 = Debug|x64
		{36F535AD-B87B-4F4D-A5F9-0F2377FBA7EA}.Debug|x86.ActiveCfg = Debug|Win32
		{36F535AD-B87B-4F4D-A5F9-0F2377FBA7EA}.Debug|x86.Build.0 = Debug|Win32
		{36F535AD-B87B-4F4D-A5F9-0F2377FBA7EA}.Release|Any CPU.ActiveCfg = Release|x64
		{36F535AD-B87B-4F4D-A5F9-0F2377FBA7EA}.Release|Any CPU.Build.0 = Release|x64
		{36F535AD-B87B-4F4D-A5F9-0F2377FBA7EA}.Release|x64.ActiveCfg = Release|x64
		{36F535AD-B87B-4F4D-A5F9-0F2377FBA7EA}.Release|x64.Build.0 = Release|x64
		{36F535AD-B87B-4F4D-A5F9-0F2377FBA7EA}.Release|x86.ActiveCfg = Release|Win32
		{36F535AD-B87B-4F4D-A5F9-0F2377FBA7EA}.Release|x86.Build.0 = Release|Win32
		{11AAD192-46EB-4D5D-B81F-BCEE11D6AF8E}.Debug|Any CPU.ActiveCfg = Debug|x64
		{11AAD192-46EB-4D5D-B81F-BCEE11D6AF8E}.Debug|Any CPU.Build.0 = Debug|x64
		{11AAD192-46EB-4D5D-B81F-BCEE11D6AF8E}.Debug|x64.ActiveCfg = Debug|x64
		{11AAD192-46EB-4D5D-B81F-BCEE11D6AF8E}.Debug|x64.Build.0 = Debug|x64
		{11AAD192-46EB-4D5D-B81F-BCEE11D6AF8E}.Debug|x86.ActiveCfg = Debug|Win32
		{11AAD192-46EB-4D5D-B81F-BCEE11D6AF8E}.Debug|x86.Build.0 = Debug|Win32
		{11AAD192-46EB-4D5D-B81F-BCEE11D6AF8E}.Release|Any CPU.ActiveCfg = Release|x64
		{11AAD192-46EB-4D5D-B81F-BCEE11D6AF8E}.Release|Any CPU.Build.0 = Release|x64
		{11AAD192-46EB-4D5D-B81F-BCEE11D6AF8E}.Release|x64.ActiveCfg = Release|x64
		{11AAD192-46EB-4D5D-B81F-BCEE11D6AF8E}.Release|x64.Build.0 = Release|x64
		{11AAD192-46EB-4D5D-B81F-BCEE11D6AF8E}.Release|x86.ActiveCfg = Release|Win32
		{11AAD192-46EB-4D5D-B81F-BCEE11D6AF8E}.Release|x86.Build.0 = Release|Win32
		{1CE1EFD6-4DBF-4D93-AD3A-94C808EA70AB}.Debug|Any CPU.ActiveCfg = Debug|x64
		{1CE1EFD6-4DBF-4D93-AD3A-94C808EA70AB}.Debug|Any CPU.Build.0 = Debug|x64
		{1CE1EFD6-4DBF-4D93-AD3A-94C808EA70AB}.Debug|x64.ActiveCfg = Debug|x64
		{1CE1EFD6-4DBF-4D93-AD3A-94C808EA70AB}.Debug|x64.Build.0 = Debug|x64
		{1CE1EFD6-4DBF-4D93-AD3A-94C808EA70AB}.Debug|x86.ActiveCfg = Debug|Win32
		{1CE1EFD6-4DBF-4D93-AD3A-94C808EA70AB}.Debug|x86.Build.0 = Debug|Win32
		{1CE1EFD6-4DBF-4D93-AD3A-94C808EA70AB}.Release|Any CPU.ActiveCfg = Release|x64
		{1CE1EFD6-4DBF-4D93-AD3A-94C808EA70AB}.Release|Any CPU.Build.0 = Release|x64
		{1CE1EFD6-4DBF-4D93-AD3A-94C808EA70AB}.Release|x64.ActiveCfg = Release|x64
		{1CE1EFD6-4DBF-4D93-AD3A-94C808EA70AB}.Release|x64.Build.0 = Release|x64
		{1CE1EFD6-4DBF-4D93-AD3A-94C808EA70AB}.Release|x86.ActiveCfg = Release|Win32
		{1CE1EFD6-4DBF-4D93-AD3A-94C808EA70AB}.Release|x86.Build.0 = Release|Win32
		{0749AE5B-4EFC-437C-ACAA-4FA252F98E26}.Debug|Any CPU.ActiveCfg = Debug|Any CPU
		{0749AE5B-4EFC-437C-ACAA-4FA252F98E26}.Debug|Any CPU.Build.0 = Debug|Any CPU
		{0749AE5B-4EFC-437C-ACAA-4FA252F98E26}.Debug|x64.ActiveCfg = Debug|Any CPU
		{0749AE5B-4EFC-437C-ACAA-4FA252F98E26}.Debug|x64.Build.0 = Debug|Any CPU
		{0749AE5B-4EFC-437C-ACAA-4FA252F98E26}.Debug|x86.ActiveCfg = Debug|Any CPU
		{0749AE5B-4EFC-437C-ACAA-4FA252F98E26}.Debug|x86.Build.0 = Debug|Any CPU
		{0749AE5B-4EFC-437C-ACAA-4FA252F98E26}.Release|Any CPU.ActiveCfg = Release|Any CPU
		{0749AE5B-4EFC-437C-ACAA-4FA252F98E26}.Release|Any CPU.Build.0 = Release|Any CPU
		{0749AE5B-4EFC-437C-ACAA-4FA252F98E26}.Release|x64.ActiveCfg = Release|x64
		{0749AE5B-4EFC-437C-ACAA-4FA252F98E26}.Release|x64.Build.0 = Release|x64
		{0749AE5B-4EFC-437C-ACAA-4FA252F98E26}.Release|x86.ActiveCfg = Release|Any CPU
		{0749AE5B-4EFC-437C-ACAA-4FA252F98E26}.Release|x86.Build.0 = Release|Any CPU
		{AC032844-AE3A-4224-B6CE-451C5DBE80B9}.Debug|Any CPU.ActiveCfg = Debug|x64
		{AC032844-AE3A-4224-B6CE-451C5DBE80B9}.Debug|Any CPU.Build.0 = Debug|x64
		{AC032844-AE3A-4224-B6CE-451C5DBE80B9}.Debug|x64.ActiveCfg = Debug|x64
		{AC032844-AE3A-4224-B6CE-451C5DBE80B9}.Debug|x64.Build.0 = Debug|x64
		{AC032844-AE3A-4224-B6CE-451C5DBE80B9}.Debug|x86.ActiveCfg = Debug|Win32
		{AC032844-AE3A-4224-B6CE-451C5DBE80B9}.Debug|x86.Build.0 = Debug|Win32
		{AC032844-AE3A-4224-B6CE-451C5DBE80B9}.Release|Any CPU.ActiveCfg = Release|x64
		{AC032844-AE3A-4224-B6CE-451C5DBE80B9}.Release|Any CPU.Build.0 = Release|x64
		{AC032844-AE3A-4224-B6CE-451C5DBE80B9}.Release|x64.ActiveCfg = Release|x64
		{AC032844-AE3A-4224-B6CE-451C5DBE80B9}.Release|x64.Build.0 = Release|x64
		{AC032844-AE3A-4224-B6CE-451C5DBE80B9}.Release|x86.ActiveCfg = Release|Win32
		{AC032844-AE3A-4224-B6CE-451C5DBE80B9}.Release|x86.Build.0 = Release|Win32
	EndGlobalSection
	GlobalSection(SolutionProperties) = preSolution
		HideSolutionNode = FALSE
	EndGlobalSection
	GlobalSection(NestedProjects) = preSolution
		{88908FB4-0012-4533-BFFB-30AA9F72EBDC} = {F7FC065C-EBE2-4648-9BD4-79B660C14322}
		{75210C0A-A812-4246-A179-B50D8A25A121} = {F7FC065C-EBE2-4648-9BD4-79B660C14322}
		{EBD9B3EB-3C04-43ED-B454-E9442B21F5A0} = {F7FC065C-EBE2-4648-9BD4-79B660C14322}
		{50E93D78-36DC-46C3-82EA-CAB373E18729} = {F7FC065C-EBE2-4648-9BD4-79B660C14322}
		{36F535AD-B87B-4F4D-A5F9-0F2377FBA7EA} = {F7FC065C-EBE2-4648-9BD4-79B660C14322}
		{11AAD192-46EB-4D5D-B81F-BCEE11D6AF8E} = {F7FC065C-EBE2-4648-9BD4-79B660C14322}
		{1CE1EFD6-4DBF-4D93-AD3A-94C808EA70AB} = {F7FC065C-EBE2-4648-9BD4-79B660C14322}
		{AC032844-AE3A-4224-B6CE-451C5DBE80B9} = {F7FC065C-EBE2-4648-9BD4-79B660C14322}
	EndGlobalSection
	GlobalSection(ExtensibilityGlobals) = postSolution
		SolutionGuid = {0EB757BD-BCA4-43A2-924B-70647E12F4BD}
	EndGlobalSection
EndGlobal
