
Microsoft Visual Studio Solution File, Format Version 12.00
# Visual Studio Version 17
VisualStudioVersion = 17.1.32319.34
MinimumVisualStudioVersion = 10.0.40219.1
Project("{9A19103F-16F7-4668-BE54-9A1E7A4F7556}") = "APUPlayer", "APUPlayer.csproj", "{C0BA31B5-492F-414E-9E81-2E3C75C2A173}"
EndProject
Project("{8BC9CEB8-8B4A-11D0-8D11-00A0C91BC942}") = "BaseLogicLib", "..\..\Common\BaseLogicLib\Scripts\VS2022\BaseLogicLib.vcxproj", "{11AAD192-46EB-4D5D-B81F-BCEE11D6AF8E}"
EndProject
Project("{8BC9CEB8-8B4A-11D0-8D11-00A0C91BC942}") = "APUSim", "..\APUSim\Scripts\VS2022\APUSim.vcxproj", "{50E93D78-36DC-46C3-82EA-CAB373E18729}"
EndProject
Project("{8BC9CEB8-8B4A-11D0-8D11-00A0C91BC942}") = "M6502Core", "..\..\Breaks6502\M6502Core\Scripts\VS2022\M6502Core.vcxproj", "{75210C0A-A812-4246-A179-B50D8A25A121}"
EndProject
Project("{8BC9CEB8-8B4A-11D0-8D11-00A0C91BC942}") = "BaseBoardLib", "..\..\Common\BaseBoardLib\Scripts\VS2022\BaseBoardLib.vcxproj", "{36F535AD-B87B-4F4D-A5F9-0F2377FBA7EA}"
EndProject
Project("{9A19103F-16F7-4668-BE54-9A1E7A4F7556}") = "SharpTools", "..\..\Common\SharpTools\SharpTools.csproj", "{AE1DB61F-BB16-41C0-B3F9-7161DB57924E}"
EndProject
Project("{8BC9CEB8-8B4A-11D0-8D11-00A0C91BC942}") = "BreaksCore", "..\..\Breaknes\BreaksCore\Scripts\VS2022\BreaksCore.vcxproj", "{88908FB4-0012-4533-BFFB-30AA9F72EBDC}"
EndProject
Project("{8BC9CEB8-8B4A-11D0-8D11-00A0C91BC942}") = "PPUSim", "..\..\BreaksPPU\PPUSim\Scripts\VS2022\PPUSim.vcxproj", "{EBD9B3EB-3C04-43ED-B454-E9442B21F5A0}"
EndProject
Project("{8BC9CEB8-8B4A-11D0-8D11-00A0C91BC942}") = "JsonLib", "..\..\Common\JsonLib\Scripts\VS2022\JsonLib.vcxproj", "{8782459B-4E38-4227-AA98-6E7E8E06659C}"
EndProject
Project("{8BC9CEB8-8B4A-11D0-8D11-00A0C91BC942}") = "Mappers", "..\..\Mappers\Scripts\VS2022\Mappers.vcxproj", "{1CE1EFD6-4DBF-4D93-AD3A-94C808EA70AB}"
EndProject
Project("{2150E333-8FDC-42A3-9474-1A3956D46DE8}") = "Breaks Core", "Breaks Core", "{19CBF7A9-A823-49FB-94AE-AE1EE4BF4423}"
EndProject
Project("{8BC9CEB8-8B4A-11D0-8D11-00A0C91BC942}") = "FastAPU", "..\FastAPU\FastAPU.vcxproj", "{2C9982F5-51F1-4BDA-B331-C88690CC3BEE}"
EndProject
Project("{8BC9CEB8-8B4A-11D0-8D11-00A0C91BC942}") = "IO", "..\..\IO\Scripts\VS2022\IO.vcxproj", "{AC032844-AE3A-4224-B6CE-451C5DBE80B9}"
EndProject
Global
	GlobalSection(SolutionConfigurationPlatforms) = preSolution
		Debug|Any CPU = Debug|Any CPU
		Debug|x64 = Debug|x64
		Debug|x86 = Debug|x86
		Release|Any CPU = Release|Any CPU
		Release|x64 = Release|x64
		Release|x86 = Release|x86
	EndGlobalSection
	GlobalSection(ProjectConfigurationPlatforms) = postSolution
		{C0BA31B5-492F-414E-9E81-2E3C75C2A173}.Debug|Any CPU.ActiveCfg = Debug|Any CPU
		{C0BA31B5-492F-414E-9E81-2E3C75C2A173}.Debug|Any CPU.Build.0 = Debug|Any CPU
		{C0BA31B5-492F-414E-9E81-2E3C75C2A173}.Debug|x64.ActiveCfg = Debug|Any CPU
		{C0BA31B5-492F-414E-9E81-2E3C75C2A173}.Debug|x64.Build.0 = Debug|Any CPU
		{C0BA31B5-492F-414E-9E81-2E3C75C2A173}.Debug|x86.ActiveCfg = Debug|Any CPU
		{C0BA31B5-492F-414E-9E81-2E3C75C2A173}.Debug|x86.Build.0 = Debug|Any CPU
		{C0BA31B5-492F-414E-9E81-2E3C75C2A173}.Release|Any CPU.ActiveCfg = Release|Any CPU
		{C0BA31B5-492F-414E-9E81-2E3C75C2A173}.Release|Any CPU.Build.0 = Release|Any CPU
		{C0BA31B5-492F-414E-9E81-2E3C75C2A173}.Release|x64.ActiveCfg = Release|Any CPU
		{C0BA31B5-492F-414E-9E81-2E3C75C2A173}.Release|x64.Build.0 = Release|Any CPU
		{C0BA31B5-492F-414E-9E81-2E3C75C2A173}.Release|x86.ActiveCfg = Release|Any CPU
		{C0BA31B5-492F-414E-9E81-2E3C75C2A173}.Release|x86.Build.0 = Release|Any CPU
		{11AAD192-46EB-4D5D-B81F-BCEE11D6AF8E}.Debug|Any CPU.ActiveCfg = Debug|x64
		{11AAD192-46EB-4D5D-B81F-BCEE11D6AF8E}.Debug|Any CPU.Build.0 = Debug|x64
		{11AAD192-46EB-4D5D-B81F-BCEE11D6AF8E}.Debug|x64.ActiveCfg = Debug|x64
		{11AAD192-46EB-4D5D-B81F-BCEE11D6AF8E}.Debug|x64.Build.0 = Debug|x64
		{11AAD192-46EB-4D5D-B81F-BCEE11D6AF8E}.Debug|x86.ActiveCfg = Debug|Win32
		{11AAD192-46EB-4D5D-B81F-BCEE11D6AF8E}.Debug|x86.Build.0 = Debug|Win32
		{11AAD192-46EB-4D5D-B81F-BCEE11D6AF8E}.Release|Any CPU.ActiveCfg = Release|x64
		{11AAD192-46EB-4D5D-B81F-BCEE11D6AF8E}.Release|Any CPU.Build.0 = Release|x64
		{11AAD192-46EB-4D5D-B81F-BCEE11D6AF8E}.Release|x64.ActiveCfg = Release|x64
		{11AAD192-46EB-4D5D-B81F-BCEE11D6AF8E}.Release|x64.Build.0 = Release|x64
		{11AAD192-46EB-4D5D-B81F-BCEE11D6AF8E}.Release|x86.ActiveCfg = Release|Win32
		{11AAD192-46EB-4D5D-B81F-BCEE11D6AF8E}.Release|x86.Build.0 = Release|Win32
		{50E93D78-36DC-46C3-82EA-CAB373E18729}.Debug|Any CPU.ActiveCfg = Debug|x64
		{50E93D78-36DC-46C3-82EA-CAB373E18729}.Debug|Any CPU.Build.0 = Debug|x64
		{50E93D78-36DC-46C3-82EA-CAB373E18729}.Debug|x64.ActiveCfg = Debug|x64
		{50E93D78-36DC-46C3-82EA-CAB373E18729}.Debug|x64.Build.0 = Debug|x64
		{50E93D78-36DC-46C3-82EA-CAB373E18729}.Debug|x86.ActiveCfg = Debug|Win32
		{50E93D78-36DC-46C3-82EA-CAB373E18729}.Debug|x86.Build.0 = Debug|Win32
		{50E93D78-36DC-46C3-82EA-CAB373E18729}.Release|Any CPU.ActiveCfg = Release|x64
		{50E93D78-36DC-46C3-82EA-CAB373E18729}.Release|Any CPU.Build.0 = Release|x64
		{50E93D78-36DC-46C3-82EA-CAB373E18729}.Release|x64.ActiveCfg = Release|x64
		{50E93D78-36DC-46C3-82EA-CAB373E18729}.Release|x64.Build.0 = Release|x64
		{50E93D78-36DC-46C3-82EA-CAB373E18729}.Release|x86.ActiveCfg = Release|Win32
		{50E93D78-36DC-46C3-82EA-CAB373E18729}.Release|x86.Build.0 = Release|Win32
		{75210C0A-A812-4246-A179-B50D8A25A121}.Debug|Any CPU.ActiveCfg = Debug|x64
		{75210C0A-A812-4246-A179-B50D8A25A121}.Debug|Any CPU.Build.0 = Debug|x64
		{75210C0A-A812-4246-A179-B50D8A25A121}.Debug|x64.ActiveCfg = Debug|x64
		{75210C0A-A812-4246-A179-B50D8A25A121}.Debug|x64.Build.0 = Debug|x64
		{75210C0A-A812-4246-A179-B50D8A25A121}.Debug|x86.ActiveCfg = Debug|Win32
		{75210C0A-A812-4246-A179-B50D8A25A121}.Debug|x86.Build.0 = Debug|Win32
		{75210C0A-A812-4246-A179-B50D8A25A121}.Release|Any CPU.ActiveCfg = Release|x64
		{75210C0A-A812-4246-A179-B50D8A25A121}.Release|Any CPU.Build.0 = Release|x64
		{75210C0A-A812-4246-A179-B50D8A25A121}.Release|x64.ActiveCfg = Release|x64
		{75210C0A-A812-4246-A179-B50D8A25A121}.Release|x64.Build.0 = Release|x64
		{75210C0A-A812-4246-A179-B50D8A25A121}.Release|x86.ActiveCfg = Release|Win32
		{75210C0A-A812-4246-A179-B50D8A25A121}.Release|x86.Build.0 = Release|Win32
		{36F535AD-B87B-4F4D-A5F9-0F2377FBA7EA}.Debug|Any CPU.ActiveCfg = Debug|x64
		{36F535AD-B87B-4F4D-A5F9-0F2377FBA7EA}.Debug|Any CPU.Build.0 = Debug|x64
		{36F535AD-B87B-4F4D-A5F9-0F2377FBA7EA}.Debug|x64.ActiveCfg = Debug|x64
		{36F535AD-B87B-4F4D-A5F9-0F2377FBA7EA}.Debug|x64.Build.0 = Debug|x64
		{36F535AD-B87B-4F4D-A5F9-0F2377FBA7EA}.Debug|x86.ActiveCfg = Debug|Win32
		{36F535AD-B87B-4F4D-A5F9-0F2377FBA7EA}.Debug|x86.Build.0 = Debug|Win32
		{36F535AD-B87B-4F4D-A5F9-0F2377FBA7EA}.Release|Any CPU.ActiveCfg = Release|x64
		{36F535AD-B87B-4F4D-A5F9-0F2377FBA7EA}.Release|Any CPU.Build.0 = Release|x64
		{36F535AD-B87B-4F4D-A5F9-0F2377FBA7EA}.Release|x64.ActiveCfg = Release|x64
		{36F535AD-B87B-4F4D-A5F9-0F2377FBA7EA}.Release|x64.Build.0 = Release|x64
		{36F535AD-B87B-4F4D-A5F9-0F2377FBA7EA}.Release|x86.ActiveCfg = Release|Win32
		{36F535AD-B87B-4F4D-A5F9-0F2377FBA7EA}.Release|x86.Build.0 = Release|Win32
		{AE1DB61F-BB16-41C0-B3F9-7161DB57924E}.Debug|Any CPU.ActiveCfg = Debug|Any CPU
		{AE1DB61F-BB16-41C0-B3F9-7161DB57924E}.Debug|Any CPU.Build.0 = Debug|Any CPU
		{AE1DB61F-BB16-41C0-B3F9-7161DB57924E}.Debug|x64.ActiveCfg = Debug|Any CPU
		{AE1DB61F-BB16-41C0-B3F9-7161DB57924E}.Debug|x64.Build.0 = Debug|Any CPU
		{AE1DB61F-BB16-41C0-B3F9-7161DB57924E}.Debug|x86.ActiveCfg = Debug|Any CPU
		{AE1DB61F-BB16-41C0-B3F9-7161DB57924E}.Debug|x86.Build.0 = Debug|Any CPU
		{AE1DB61F-BB16-41C0-B3F9-7161DB57924E}.Release|Any CPU.ActiveCfg = Release|Any CPU
		{AE1DB61F-BB16-41C0-B3F9-7161DB57924E}.Release|Any CPU.Build.0 = Release|Any CPU
		{AE1DB61F-BB16-41C0-B3F9-7161DB57924E}.Release|x64.ActiveCfg = Release|Any CPU
		{AE1DB61F-BB16-41C0-B3F9-7161DB57924E}.Release|x64.Build.0 = Release|Any CPU
		{AE1DB61F-BB16-41C0-B3F9-7161DB57924E}.Release|x86.ActiveCfg = Release|Any CPU
		{AE1DB61F-BB16-41C0-B3F9-7161DB57924E}.Release|x86.Build.0 = Release|Any CPU
		{88908FB4-0012-4533-BFFB-30AA9F72EBDC}.Debug|Any CPU.ActiveCfg = Debug|x64
		{88908FB4-0012-4533-BFFB-30AA9F72EBDC}.Debug|Any CPU.Build.0 = Debug|x64
		{88908FB4-0012-4533-BFFB-30AA9F72EBDC}.Debug|x64.ActiveCfg = Debug|x64
		{88908FB4-0012-4533-BFFB-30AA9F72EBDC}.Debug|x64.Build.0 = Debug|x64
		{88908FB4-0012-4533-BFFB-30AA9F72EBDC}.Debug|x86.ActiveCfg = Debug|Win32
		{88908FB4-0012-4533-BFFB-30AA9F72EBDC}.Debug|x86.Build.0 = Debug|Win32
		{88908FB4-0012-4533-BFFB-30AA9F72EBDC}.Release|Any CPU.ActiveCfg = Release|x64
		{88908FB4-0012-4533-BFFB-30AA9F72EBDC}.Release|Any CPU.Build.0 = Release|x64
		{88908FB4-0012-4533-BFFB-30AA9F72EBDC}.Release|x64.ActiveCfg = Release|x64
		{88908FB4-0012-4533-BFFB-30AA9F72EBDC}.Release|x64.Build.0 = Release|x64
		{88908FB4-0012-4533-BFFB-30AA9F72EBDC}.Release|x86.ActiveCfg = Release|Win32
		{88908FB4-0012-4533-BFFB-30AA9F72EBDC}.Release|x86.Build.0 = Release|Win32
		{EBD9B3EB-3C04-43ED-B454-E9442B21F5A0}.Debug|Any CPU.ActiveCfg = Debug|x64
		{EBD9B3EB-3C04-43ED-B454-E9442B21F5A0}.Debug|Any CPU.Build.0 = Debug|x64
		{EBD9B3EB-3C04-43ED-B454-E9442B21F5A0}.Debug|x64.ActiveCfg = Debug|x64
		{EBD9B3EB-3C04-43ED-B454-E9442B21F5A0}.Debug|x64.Build.0 = Debug|x64
		{EBD9B3EB-3C04-43ED-B454-E9442B21F5A0}.Debug|x86.ActiveCfg = Debug|Win32
		{EBD9B3EB-3C04-43ED-B454-E9442B21F5A0}.Debug|x86.Build.0 = Debug|Win32
		{EBD9B3EB-3C04-43ED-B454-E9442B21F5A0}.Release|Any CPU.ActiveCfg = Release|x64
		{EBD9B3EB-3C04-43ED-B454-E9442B21F5A0}.Release|Any CPU.Build.0 = Release|x64
		{EBD9B3EB-3C04-43ED-B454-E9442B21F5A0}.Release|x64.ActiveCfg = Release|x64
		{EBD9B3EB-3C04-43ED-B454-E9442B21F5A0}.Release|x64.Build.0 = Release|x64
		{EBD9B3EB-3C04-43ED-B454-E9442B21F5A0}.Release|x86.ActiveCfg = Release|Win32
		{EBD9B3EB-3C04-43ED-B454-E9442B21F5A0}.Release|x86.Build.0 = Release|Win32
		{8782459B-4E38-4227-AA98-6E7E8E06659C}.Debug|Any CPU.ActiveCfg = Debug|x64
		{8782459B-4E38-4227-AA98-6E7E8E06659C}.Debug|Any CPU.Build.0 = Debug|x64
		{8782459B-4E38-4227-AA98-6E7E8E06659C}.Debug|x64.ActiveCfg = Debug|x64
		{8782459B-4E38-4227-AA98-6E7E8E06659C}.Debug|x64.Build.0 = Debug|x64
		{8782459B-4E38-4227-AA98-6E7E8E06659C}.Debug|x86.ActiveCfg = Debug|Win32
		{8782459B-4E38-4227-AA98-6E7E8E06659C}.Debug|x86.Build.0 = Debug|Win32
		{8782459B-4E38-4227-AA98-6E7E8E06659C}.Release|Any CPU.ActiveCfg = Release|x64
		{8782459B-4E38-4227-AA98-6E7E8E06659C}.Release|Any CPU.Build.0 = Release|x64
		{8782459B-4E38-4227-AA98-6E7E8E06659C}.Release|x64.ActiveCfg = Release|x64
		{8782459B-4E38-4227-AA98-6E7E8E06659C}.Release|x64.Build.0 = Release|x64
		{8782459B-4E38-4227-AA98-6E7E8E06659C}.Release|x86.ActiveCfg = Release|Win32
		{8782459B-4E38-4227-AA98-6E7E8E06659C}.Release|x86.Build.0 = Release|Win32
		{1CE1EFD6-4DBF-4D93-AD3A-94C808EA70AB}.Debug|Any CPU.ActiveCfg = Debug|x64
		{1CE1EFD6-4DBF-4D93-AD3A-94C808EA70AB}.Debug|Any CPU.Build.0 = Debug|x64
		{1CE1EFD6-4DBF-4D93-AD3A-94C808EA70AB}.Debug|x64.ActiveCfg = Debug|x64
		{1CE1EFD6-4DBF-4D93-AD3A-94C808EA70AB}.Debug|x64.Build.0 = Debug|x64
		{1CE1EFD6-4DBF-4D93-AD3A-94C808EA70AB}.Debug|x86.ActiveCfg = Debug|Win32
		{1CE1EFD6-4DBF-4D93-AD3A-94C808EA70AB}.Debug|x86.Build.0 = Debug|Win32
		{1CE1EFD6-4DBF-4D93-AD3A-94C808EA70AB}.Release|Any CPU.ActiveCfg = Release|x64
		{1CE1EFD6-4DBF-4D93-AD3A-94C808EA70AB}.Release|Any CPU.Build.0 = Release|x64
		{1CE1EFD6-4DBF-4D93-AD3A-94C808EA70AB}.Release|x64.ActiveCfg = Release|x64
		{1CE1EFD6-4DBF-4D93-AD3A-94C808EA70AB}.Release|x64.Build.0 = Release|x64
		{1CE1EFD6-4DBF-4D93-AD3A-94C808EA70AB}.Release|x86.ActiveCfg = Release|Win32
		{1CE1EFD6-4DBF-4D93-AD3A-94C808EA70AB}.Release|x86.Build.0 = Release|Win32
		{2C9982F5-51F1-4BDA-B331-C88690CC3BEE}.Debug|Any CPU.ActiveCfg = Debug|x64
		{2C9982F5-51F1-4BDA-B331-C88690CC3BEE}.Debug|Any CPU.Build.0 = Debug|x64
		{2C9982F5-51F1-4BDA-B331-C88690CC3BEE}.Debug|x64.ActiveCfg = Debug|x64
		{2C9982F5-51F1-4BDA-B331-C88690CC3BEE}.Debug|x64.Build.0 = Debug|x64
		{2C9982F5-51F1-4BDA-B331-C88690CC3BEE}.Debug|x86.ActiveCfg = Debug|Win32
		{2C9982F5-51F1-4BDA-B331-C88690CC3BEE}.Debug|x86.Build.0 = Debug|Win32
		{2C9982F5-51F1-4BDA-B331-C88690CC3BEE}.Release|Any CPU.ActiveCfg = Release|x64
		{2C9982F5-51F1-4BDA-B331-C88690CC3BEE}.Release|Any CPU.Build.0 = Release|x64
		{2C9982F5-51F1-4BDA-B331-C88690CC3BEE}.Release|x64.ActiveCfg = Release|x64
		{2C9982F5-51F1-4BDA-B331-C88690CC3BEE}.Release|x64.Build.0 = Release|x64
		{2C9982F5-51F1-4BDA-B331-C88690CC3BEE}.Release|x86.ActiveCfg = Release|Win32
		{2C9982F5-51F1-4BDA-B331-C88690CC3BEE}.Release|x86.Build.0 = Release|Win32
		{AC032844-AE3A-4224-B6CE-451C5DBE80B9}.Debug|Any CPU.ActiveCfg = Debug|x64
		{AC032844-AE3A-4224-B6CE-451C5DBE80B9}.Debug|Any CPU.Build.0 = Debug|x64
		{AC032844-AE3A-4224-B6CE-451C5DBE80B9}.Debug|x64.ActiveCfg = Debug|x64
		{AC032844-AE3A-4224-B6CE-451C5DBE80B9}.Debug|x64.Build.0 = Debug|x64
		{AC032844-AE3A-4224-B6CE-451C5DBE80B9}.Debug|x86.ActiveCfg = Debug|Win32
		{AC032844-AE3A-4224-B6CE-451C5DBE80B9}.Debug|x86.Build.0 = Debug|Win32
		{AC032844-AE3A-4224-B6CE-451C5DBE80B9}.Release|Any CPU.ActiveCfg = Release|x64
		{AC032844-AE3A-4224-B6CE-451C5DBE80B9}.Release|Any CPU.Build.0 = Release|x64
		{AC032844-AE3A-4224-B6CE-451C5DBE80B9}.Release|x64.ActiveCfg = Release|x64
		{AC032844-AE3A-4224-B6CE-451C5DBE80B9}.Release|x64.Build.0 = Release|x64
		{AC032844-AE3A-4224-B6CE-451C5DBE80B9}.Release|x86.ActiveCfg = Release|Win32
		{AC032844-AE3A-4224-B6CE-451C5DBE80B9}.Release|x86.Build.0 = Release|Win32
	EndGlobalSection
	GlobalSection(SolutionProperties) = preSolution
		HideSolutionNode = FALSE
	EndGlobalSection
	GlobalSection(NestedProjects) = preSolution
		{11AAD192-46EB-4D5D-B81F-BCEE11D6AF8E} = {19CBF7A9-A823-49FB-94AE-AE1EE4BF4423}
		{50E93D78-36DC-46C3-82EA-CAB373E18729} = {19CBF7A9-A823-49FB-94AE-AE1EE4BF4423}
		{75210C0A-A812-4246-A179-B50D8A25A121} = {19CBF7A9-A823-49FB-94AE-AE1EE4BF4423}
		{36F535AD-B87B-4F4D-A5F9-0F2377FBA7EA} = {19CBF7A9-A823-49FB-94AE-AE1EE4BF4423}
		{88908FB4-0012-4533-BFFB-30AA9F72EBDC} = {19CBF7A9-A823-49FB-94AE-AE1EE4BF4423}
		{EBD9B3EB-3C04-43ED-B454-E9442B21F5A0} = {19CBF7A9-A823-49FB-94AE-AE1EE4BF4423}
		{8782459B-4E38-4227-AA98-6E7E8E06659C} = {19CBF7A9-A823-49FB-94AE-AE1EE4BF4423}
		{1CE1EFD6-4DBF-4D93-AD3A-94C808EA70AB} = {19CBF7A9-A823-49FB-94AE-AE1EE4BF4423}
		{2C9982F5-51F1-4BDA-B331-C88690CC3BEE} = {19CBF7A9-A823-49FB-94AE-AE1EE4BF4423}
		{AC032844-AE3A-4224-B6CE-451C5DBE80B9} = {19CBF7A9-A823-49FB-94AE-AE1EE4BF4423}
	EndGlobalSection
	GlobalSection(ExtensibilityGlobals) = postSolution
		SolutionGuid = {5B62E8D7-5BEE-4068-827E-8328066A75DA}
	EndGlobalSection
EndGlobal
